// !$*UTF8*$!
{
	archiveVersion = 1;
	classes = {
	};
	objectVersion = 56;
	objects = {

/* Begin PBXBuildFile section */
		FC08A5032BE0CD6B00D362C9 /* FriendPersistentOperations.swift in Sources */ = {isa = PBXBuildFile; fileRef = FC08A5022BE0CD6B00D362C9 /* FriendPersistentOperations.swift */; };
		FC08A5052BE0CDA600D362C9 /* ChatroomPersistentOperations.swift in Sources */ = {isa = PBXBuildFile; fileRef = FC08A5042BE0CDA600D362C9 /* ChatroomPersistentOperations.swift */; };
		FC1097A82B88B9DA0091CD24 /* UserFriendEntity+CoreDataClass.swift in Sources */ = {isa = PBXBuildFile; fileRef = FC1097A62B88B9DA0091CD24 /* UserFriendEntity+CoreDataClass.swift */; };
		FC1097A92B88B9DA0091CD24 /* UserFriendEntity+CoreDataProperties.swift in Sources */ = {isa = PBXBuildFile; fileRef = FC1097A72B88B9DA0091CD24 /* UserFriendEntity+CoreDataProperties.swift */; };
		FC1097AB2B88C0900091CD24 /* CoreDataStack.swift in Sources */ = {isa = PBXBuildFile; fileRef = FC1097AA2B88C0900091CD24 /* CoreDataStack.swift */; };
		FC1097AD2B88D1F70091CD24 /* NetworkMonitor.swift in Sources */ = {isa = PBXBuildFile; fileRef = FC1097AC2B88D1F70091CD24 /* NetworkMonitor.swift */; };
		FC2019D92C87F32F00AF239F /* VideoPlayer.swift in Sources */ = {isa = PBXBuildFile; fileRef = FC2019D82C87F32F00AF239F /* VideoPlayer.swift */; };
		FC2041B12C72FF4B001FB99F /* ApplicationPermission.swift in Sources */ = {isa = PBXBuildFile; fileRef = FC2041B02C72FF4B001FB99F /* ApplicationPermission.swift */; };
		FC24F0532CE5C26D00C74E2F /* ChatroomCard.swift in Sources */ = {isa = PBXBuildFile; fileRef = FC24F0522CE5C26D00C74E2F /* ChatroomCard.swift */; };
		FC24F0552CE5C29600C74E2F /* BundleCard.swift in Sources */ = {isa = PBXBuildFile; fileRef = FC24F0542CE5C29600C74E2F /* BundleCard.swift */; };
		FC3265422B90388C001DFFD7 /* UserSystemMessageEntity+CoreDataClass.swift in Sources */ = {isa = PBXBuildFile; fileRef = FC32653C2B90388C001DFFD7 /* UserSystemMessageEntity+CoreDataClass.swift */; };
		FC3265432B90388C001DFFD7 /* UserSystemMessageEntity+CoreDataProperties.swift in Sources */ = {isa = PBXBuildFile; fileRef = FC32653D2B90388C001DFFD7 /* UserSystemMessageEntity+CoreDataProperties.swift */; };
		FC3265442B90388C001DFFD7 /* UserChatroomEntity+CoreDataClass.swift in Sources */ = {isa = PBXBuildFile; fileRef = FC32653E2B90388C001DFFD7 /* UserChatroomEntity+CoreDataClass.swift */; };
		FC3265452B90388C001DFFD7 /* UserChatroomEntity+CoreDataProperties.swift in Sources */ = {isa = PBXBuildFile; fileRef = FC32653F2B90388C001DFFD7 /* UserChatroomEntity+CoreDataProperties.swift */; };
		FC3265462B90388C001DFFD7 /* UserMessageEntity+CoreDataClass.swift in Sources */ = {isa = PBXBuildFile; fileRef = FC3265402B90388C001DFFD7 /* UserMessageEntity+CoreDataClass.swift */; };
		FC3265472B90388C001DFFD7 /* UserMessageEntity+CoreDataProperties.swift in Sources */ = {isa = PBXBuildFile; fileRef = FC3265412B90388C001DFFD7 /* UserMessageEntity+CoreDataProperties.swift */; };
		FC32FA6A2C4F531F008EE573 /* MockURLProtocol.swift in Sources */ = {isa = PBXBuildFile; fileRef = FC32FA692C4F531F008EE573 /* MockURLProtocol.swift */; };
		FC3418AC2BC01FE20016A33C /* NotificationInteractor.swift in Sources */ = {isa = PBXBuildFile; fileRef = FC3418AB2BC01FE20016A33C /* NotificationInteractor.swift */; };
		FC36130E2C91C591008CE28B /* MessageReactions.swift in Sources */ = {isa = PBXBuildFile; fileRef = FC36130D2C91C591008CE28B /* MessageReactions.swift */; };
		FC397D072B25C10B009E5C45 /* SDWebImageSwiftUI in Frameworks */ = {isa = PBXBuildFile; productRef = FC397D062B25C10B009E5C45 /* SDWebImageSwiftUI */; };
		FC3ABEFE2C50D0EF0042151A /* MockResponses.swift in Sources */ = {isa = PBXBuildFile; fileRef = FC3ABEFD2C50D0EF0042151A /* MockResponses.swift */; };
		FC3ABF022C50DC490042151A /* MockModels.swift in Sources */ = {isa = PBXBuildFile; fileRef = FC3ABF012C50DC490042151A /* MockModels.swift */; };
		FC3E51762BD37B4A004B5090 /* DBOperationsContainer.swift in Sources */ = {isa = PBXBuildFile; fileRef = FC3E51752BD37B4A004B5090 /* DBOperationsContainer.swift */; };
		FC3E51782BD385A3004B5090 /* Models+CoreData.swift in Sources */ = {isa = PBXBuildFile; fileRef = FC3E51772BD385A3004B5090 /* Models+CoreData.swift */; };
		FC3E517A2BD3C2E4004B5090 /* Helpers.swift in Sources */ = {isa = PBXBuildFile; fileRef = FC3E51792BD3C2E4004B5090 /* Helpers.swift */; };
		FC3EF8662D0FB1890002065C /* MessageInteractorTests.swift in Sources */ = {isa = PBXBuildFile; fileRef = FC3EF8652D0FB1890002065C /* MessageInteractorTests.swift */; };
		FC4D113B2CE44B63001103C0 /* UserChatroomBundle+CoreDataClass.swift in Sources */ = {isa = PBXBuildFile; fileRef = FC4D11392CE44B63001103C0 /* UserChatroomBundle+CoreDataClass.swift */; };
		FC4D113C2CE44B63001103C0 /* UserChatroomBundle+CoreDataProperties.swift in Sources */ = {isa = PBXBuildFile; fileRef = FC4D113A2CE44B63001103C0 /* UserChatroomBundle+CoreDataProperties.swift */; };
		FC4D113E2CE44BCF001103C0 /* ChatroomBundlePersistentOperations.swift in Sources */ = {isa = PBXBuildFile; fileRef = FC4D113D2CE44BCF001103C0 /* ChatroomBundlePersistentOperations.swift */; };
		FC4D11402CE44F26001103C0 /* ChatroomBundle.swift in Sources */ = {isa = PBXBuildFile; fileRef = FC4D113F2CE44F26001103C0 /* ChatroomBundle.swift */; };
		FC5367812C6C6848004544DC /* SignalingClient.swift in Sources */ = {isa = PBXBuildFile; fileRef = FC5367802C6C6848004544DC /* SignalingClient.swift */; };
		FC5367832C6C6875004544DC /* Message.swift in Sources */ = {isa = PBXBuildFile; fileRef = FC5367822C6C6875004544DC /* Message.swift */; };
		FC5367852C6C68E2004544DC /* SessionDescription.swift in Sources */ = {isa = PBXBuildFile; fileRef = FC5367842C6C68E2004544DC /* SessionDescription.swift */; };
		FC5367872C6C6907004544DC /* IceCandidate.swift in Sources */ = {isa = PBXBuildFile; fileRef = FC5367862C6C6907004544DC /* IceCandidate.swift */; };
		FC5367892C6C7B7C004544DC /* RTCStates.swift in Sources */ = {isa = PBXBuildFile; fileRef = FC5367882C6C7B7C004544DC /* RTCStates.swift */; };
		FC5AE4992B4158D900C94687 /* CustomViewStyles.swift in Sources */ = {isa = PBXBuildFile; fileRef = FC5AE4982B4158D900C94687 /* CustomViewStyles.swift */; };
		FC5C082A2BB5323600AEBF43 /* HttpRequestBody.swift in Sources */ = {isa = PBXBuildFile; fileRef = FC5C08292BB5323600AEBF43 /* HttpRequestBody.swift */; };
		FC5E2A9F2C1C363C003344B6 /* NotificationService.swift in Sources */ = {isa = PBXBuildFile; fileRef = FC5E2A9E2C1C363C003344B6 /* NotificationService.swift */; };
		FC5E2AA32C1C363C003344B6 /* PushNotificationExtension.appex in Embed Foundation Extensions */ = {isa = PBXBuildFile; fileRef = FC5E2A9C2C1C363C003344B6 /* PushNotificationExtension.appex */; settings = {ATTRIBUTES = (RemoveHeadersOnCopy, ); }; };
		FC5F3C2E2BA5D61D00AE65DD /* WebRepository.swift in Sources */ = {isa = PBXBuildFile; fileRef = FC5F3C2D2BA5D61D00AE65DD /* WebRepository.swift */; };
		FC6244802C89640700CB7651 /* VideoChatView.swift in Sources */ = {isa = PBXBuildFile; fileRef = FC62447F2C89640700CB7651 /* VideoChatView.swift */; };
		FC663D042BB16CAE00FD0786 /* InteractorsContainer.swift in Sources */ = {isa = PBXBuildFile; fileRef = FC663D032BB16CAE00FD0786 /* InteractorsContainer.swift */; };
		FC6A692E2C085E9E0039CA3E /* UserDefaultsInterface.swift in Sources */ = {isa = PBXBuildFile; fileRef = FC6A692D2C085E9E0039CA3E /* UserDefaultsInterface.swift */; };
		FC6A88F92C006D2200A43CD1 /* FullScreenChatPhotoView.swift in Sources */ = {isa = PBXBuildFile; fileRef = FC6A88F82C006D2200A43CD1 /* FullScreenChatPhotoView.swift */; };
		FC6BD1482BA31BBB004B2558 /* PushNotificationsHandler.swift in Sources */ = {isa = PBXBuildFile; fileRef = FC6BD1472BA31BBB004B2558 /* PushNotificationsHandler.swift */; };
		FC6BD14F2BA32A7C004B2558 /* SideMenu.swift in Sources */ = {isa = PBXBuildFile; fileRef = FC6BD14E2BA32A7C004B2558 /* SideMenu.swift */; };
		FC6BD1512BA333A9004B2558 /* APICall.swift in Sources */ = {isa = PBXBuildFile; fileRef = FC6BD1502BA333A9004B2558 /* APICall.swift */; };
		FC6E8DAC2BE4BA7E00CC7188 /* FolwRouter.swift in Sources */ = {isa = PBXBuildFile; fileRef = FC6E8DAB2BE4BA7E00CC7188 /* FolwRouter.swift */; };
		FC6E8DAF2BE4CA9600CC7188 /* DependencyInjector.swift in Sources */ = {isa = PBXBuildFile; fileRef = FC6E8DAE2BE4CA9600CC7188 /* DependencyInjector.swift */; };
		FC772F152C2451D300945F2B /* FullScreenProfilePhotoView.swift in Sources */ = {isa = PBXBuildFile; fileRef = FC772F142C2451D300945F2B /* FullScreenProfilePhotoView.swift */; };
		FC77D8532BCFBE0000E4E684 /* LocalNotificationHandler.swift in Sources */ = {isa = PBXBuildFile; fileRef = FC77D8522BCFBE0000E4E684 /* LocalNotificationHandler.swift */; };
		FC7950052BC925CF0018719E /* UserChatroom.swift in Sources */ = {isa = PBXBuildFile; fileRef = FC7950042BC925CF0018719E /* UserChatroom.swift */; };
		FC7950072BC926340018719E /* UserChatLog.swift in Sources */ = {isa = PBXBuildFile; fileRef = FC7950062BC926340018719E /* UserChatLog.swift */; };
		FC7950092BC926750018719E /* SystemLog.swift in Sources */ = {isa = PBXBuildFile; fileRef = FC7950082BC926750018719E /* SystemLog.swift */; };
		FC79500B2BC927560018719E /* UserFriend.swift in Sources */ = {isa = PBXBuildFile; fileRef = FC79500A2BC927560018719E /* UserFriend.swift */; };
		FC79500D2BC927770018719E /* UserNotification.swift in Sources */ = {isa = PBXBuildFile; fileRef = FC79500C2BC927770018719E /* UserNotification.swift */; };
		FC871ECF2C4F20C200106295 /* ChatroomInteractorTests.swift in Sources */ = {isa = PBXBuildFile; fileRef = FC871ECE2C4F20C200106295 /* ChatroomInteractorTests.swift */; };
		FC88B6E52BE7AEF300B79D18 /* AccountWebRepository.swift in Sources */ = {isa = PBXBuildFile; fileRef = FC88B6E42BE7AEF300B79D18 /* AccountWebRepository.swift */; };
		FC88B6E72BE7B1C200B79D18 /* MessageWebRepository.swift in Sources */ = {isa = PBXBuildFile; fileRef = FC88B6E62BE7B1C200B79D18 /* MessageWebRepository.swift */; };
		FC8A24AD2CA4177000EEA4F8 /* VideoMessageSendingView.swift in Sources */ = {isa = PBXBuildFile; fileRef = FC8A24AC2CA4177000EEA4F8 /* VideoMessageSendingView.swift */; };
		FC8C9A662BC40D4E00785E96 /* CancelBag.swift in Sources */ = {isa = PBXBuildFile; fileRef = FC8C9A652BC40D4E00785E96 /* CancelBag.swift */; };
		FC8F3F232AF8ED1A008015B7 /* SimpleChat.swift in Sources */ = {isa = PBXBuildFile; fileRef = FC8F3F222AF8ED1A008015B7 /* SimpleChat.swift */; };
		FC8F3F252AF8ED1A008015B7 /* IndexView.swift in Sources */ = {isa = PBXBuildFile; fileRef = FC8F3F242AF8ED1A008015B7 /* IndexView.swift */; };
		FC8F3F272AF8ED1C008015B7 /* Assets.xcassets in Resources */ = {isa = PBXBuildFile; fileRef = FC8F3F262AF8ED1C008015B7 /* Assets.xcassets */; };
		FC8F3F2A2AF8ED1C008015B7 /* Preview Assets.xcassets in Resources */ = {isa = PBXBuildFile; fileRef = FC8F3F292AF8ED1C008015B7 /* Preview Assets.xcassets */; };
		FC9743C22B08970F0086BCA6 /* GoogleService-Info.plist in Resources */ = {isa = PBXBuildFile; fileRef = FC9743C12B08970F0086BCA6 /* GoogleService-Info.plist */; };
		FC9744342B089C8D0086BCA6 /* SignUpView.swift in Sources */ = {isa = PBXBuildFile; fileRef = FC9744332B089C8D0086BCA6 /* SignUpView.swift */; };
		FC9744362B09EDF90086BCA6 /* LogInView.swift in Sources */ = {isa = PBXBuildFile; fileRef = FC9744352B09EDF90086BCA6 /* LogInView.swift */; };
		FC9744382B0B1EBD0086BCA6 /* AccountView.swift in Sources */ = {isa = PBXBuildFile; fileRef = FC9744372B0B1EBD0086BCA6 /* AccountView.swift */; };
		FC98053C2CE4486A001CBFB6 /* SimpleChat.xcdatamodeld in Sources */ = {isa = PBXBuildFile; fileRef = FC98053A2CE4486A001CBFB6 /* SimpleChat.xcdatamodeld */; };
		FC9AB93B2B287B7F008339AC /* MainMessageView.swift in Sources */ = {isa = PBXBuildFile; fileRef = FC9AB93A2B287B7F008339AC /* MainMessageView.swift */; };
		FC9BFA6C2C019B3C001D230F /* ChatMessageView.swift in Sources */ = {isa = PBXBuildFile; fileRef = FC9BFA6B2C019B3C001D230F /* ChatMessageView.swift */; };
		FC9D66312C6590CA00911674 /* WebRTC in Frameworks */ = {isa = PBXBuildFile; productRef = FC9D66302C6590CA00911674 /* WebRTC */; };
		FCACCD222C0EA71600B3E557 /* FriendDetailView.swift in Sources */ = {isa = PBXBuildFile; fileRef = FCACCD212C0EA71600B3E557 /* FriendDetailView.swift */; };
		FCB0D5622C5F743800976558 /* WebSocketManager.swift in Sources */ = {isa = PBXBuildFile; fileRef = FCB0D5612C5F743800976558 /* WebSocketManager.swift */; };
		FCB113082CD1F51600D92E14 /* LoadingDonutView.swift in Sources */ = {isa = PBXBuildFile; fileRef = FCB113072CD1F51600D92E14 /* LoadingDonutView.swift */; };
		FCB2077E2C6C2460005DEAB4 /* WebRTCClient.swift in Sources */ = {isa = PBXBuildFile; fileRef = FCB2077D2C6C2460005DEAB4 /* WebRTCClient.swift */; };
		FCB207802C6C3768005DEAB4 /* Config.swift in Sources */ = {isa = PBXBuildFile; fileRef = FCB2077F2C6C3768005DEAB4 /* Config.swift */; };
		FCB207822C6C3A6F005DEAB4 /* WebSocketProvider.swift in Sources */ = {isa = PBXBuildFile; fileRef = FCB207812C6C3A6F005DEAB4 /* WebSocketProvider.swift */; };
		FCB207842C6C3A89005DEAB4 /* NativeWebSocket.swift in Sources */ = {isa = PBXBuildFile; fileRef = FCB207832C6C3A89005DEAB4 /* NativeWebSocket.swift */; };
		FCB61B252C1412E900C40FB8 /* AppThemeToggleView.swift in Sources */ = {isa = PBXBuildFile; fileRef = FCB61B242C1412E900C40FB8 /* AppThemeToggleView.swift */; };
		FCB61B292C1430C400C40FB8 /* Color.xcassets in Resources */ = {isa = PBXBuildFile; fileRef = FCB61B282C1430C400C40FB8 /* Color.xcassets */; };
		FCBBA6EB2C09B005003140E3 /* ChatroomProfileView.swift in Sources */ = {isa = PBXBuildFile; fileRef = FCBBA6EA2C09B005003140E3 /* ChatroomProfileView.swift */; };
		FCBCD62A2BFC5211001D310B /* CollapsibleReadUserListView.swift in Sources */ = {isa = PBXBuildFile; fileRef = FCBCD6292BFC5211001D310B /* CollapsibleReadUserListView.swift */; };
		FCC105782BBD498B00859928 /* AppDelegate.swift in Sources */ = {isa = PBXBuildFile; fileRef = FCC105772BBD498B00859928 /* AppDelegate.swift */; };
		FCC1057A2BBD66F900859928 /* MessageInteractor.swift in Sources */ = {isa = PBXBuildFile; fileRef = FCC105792BBD66F900859928 /* MessageInteractor.swift */; };
		FCC171EA2C02E1EE00F60140 /* AppSettingView.swift in Sources */ = {isa = PBXBuildFile; fileRef = FCC171E92C02E1EE00F60140 /* AppSettingView.swift */; };
		FCC453F22C6EE88F00B4CCE6 /* VoiceChatroomView.swift in Sources */ = {isa = PBXBuildFile; fileRef = FCC453F12C6EE88F00B4CCE6 /* VoiceChatroomView.swift */; };
		FCC453F42C6EF44300B4CCE6 /* VideoView.swift in Sources */ = {isa = PBXBuildFile; fileRef = FCC453F32C6EF44300B4CCE6 /* VideoView.swift */; };
		FCC453F62C6EF93000B4CCE6 /* SignalingMessage.swift in Sources */ = {isa = PBXBuildFile; fileRef = FCC453F52C6EF93000B4CCE6 /* SignalingMessage.swift */; };
		FCC47D382B941C25002754CB /* HttpResponseModel.swift in Sources */ = {isa = PBXBuildFile; fileRef = FCC47D372B941C25002754CB /* HttpResponseModel.swift */; };
		FCC732302BE8E3C800BFF5CC /* NotificationWebRepository.swift in Sources */ = {isa = PBXBuildFile; fileRef = FCC7322F2BE8E3C800BFF5CC /* NotificationWebRepository.swift */; };
		FCC732322BE8E3E600BFF5CC /* ChatroomWebRepository.swift in Sources */ = {isa = PBXBuildFile; fileRef = FCC732312BE8E3E600BFF5CC /* ChatroomWebRepository.swift */; };
		FCD18E572C42AB0000F2EE21 /* Localizable.xcstrings in Resources */ = {isa = PBXBuildFile; fileRef = FCD18E562C42AB0000F2EE21 /* Localizable.xcstrings */; };
		FCD18E592C42C3DD00F2EE21 /* LocalizationLanguage.swift in Sources */ = {isa = PBXBuildFile; fileRef = FCD18E582C42C3DD00F2EE21 /* LocalizationLanguage.swift */; };
		FCD1B9E12B56BDDD0077BA17 /* ApplicationViewModel.swift in Sources */ = {isa = PBXBuildFile; fileRef = FCD1B9E02B56BDDD0077BA17 /* ApplicationViewModel.swift */; };
		FCD5F3C42C25842400DC3978 /* UserProfileModel.swift in Sources */ = {isa = PBXBuildFile; fileRef = FCD5F3C32C25842400DC3978 /* UserProfileModel.swift */; };
		FCD8E3552CA2D05500232518 /* PhotoMessageSendingView.swift in Sources */ = {isa = PBXBuildFile; fileRef = FCD8E3542CA2D05500232518 /* PhotoMessageSendingView.swift */; };
		FCDCC9332C4E0347003DD702 /* Localizable.xcstrings in Resources */ = {isa = PBXBuildFile; fileRef = FCDCC9322C4E0347003DD702 /* Localizable.xcstrings */; };
		FCE2DEF92C533D1900EC3BD9 /* ImageHelper.swift in Sources */ = {isa = PBXBuildFile; fileRef = FCE2DEF82C533D1900EC3BD9 /* ImageHelper.swift */; };
		FCE5342C2C7B6B7C006F8E4B /* MediaViewModel.swift in Sources */ = {isa = PBXBuildFile; fileRef = FCE5342B2C7B6B7C006F8E4B /* MediaViewModel.swift */; };
		FCE6C6922AFB8A0900735590 /* Alamofire in Frameworks */ = {isa = PBXBuildFile; productRef = FCE6C6912AFB8A0900735590 /* Alamofire */; };
		FCE8769F2BC2A00500975929 /* ChatroomInteractor.swift in Sources */ = {isa = PBXBuildFile; fileRef = FCE8769E2BC2A00500975929 /* ChatroomInteractor.swift */; };
		FCE876A22BC2CE1100975929 /* FirebaseAnalytics in Frameworks */ = {isa = PBXBuildFile; productRef = FCE876A12BC2CE1100975929 /* FirebaseAnalytics */; };
		FCE876A42BC2CE1100975929 /* FirebaseAnalyticsOnDeviceConversion in Frameworks */ = {isa = PBXBuildFile; productRef = FCE876A32BC2CE1100975929 /* FirebaseAnalyticsOnDeviceConversion */; };
		FCE876A62BC2CE1100975929 /* FirebaseAnalyticsSwift in Frameworks */ = {isa = PBXBuildFile; productRef = FCE876A52BC2CE1100975929 /* FirebaseAnalyticsSwift */; };
		FCE876A82BC2CE1100975929 /* FirebaseAnalyticsWithoutAdIdSupport in Frameworks */ = {isa = PBXBuildFile; productRef = FCE876A72BC2CE1100975929 /* FirebaseAnalyticsWithoutAdIdSupport */; };
		FCE876AA2BC2CE1100975929 /* FirebaseAppCheck in Frameworks */ = {isa = PBXBuildFile; productRef = FCE876A92BC2CE1100975929 /* FirebaseAppCheck */; };
		FCE876AC2BC2CE1100975929 /* FirebaseAppDistribution-Beta in Frameworks */ = {isa = PBXBuildFile; productRef = FCE876AB2BC2CE1100975929 /* FirebaseAppDistribution-Beta */; };
		FCE876AE2BC2CE1100975929 /* FirebaseAuth in Frameworks */ = {isa = PBXBuildFile; productRef = FCE876AD2BC2CE1100975929 /* FirebaseAuth */; };
		FCE876B02BC2CE1100975929 /* FirebaseAuthCombine-Community in Frameworks */ = {isa = PBXBuildFile; productRef = FCE876AF2BC2CE1100975929 /* FirebaseAuthCombine-Community */; };
		FCE876B22BC2CE1100975929 /* FirebaseCrashlytics in Frameworks */ = {isa = PBXBuildFile; productRef = FCE876B12BC2CE1100975929 /* FirebaseCrashlytics */; };
		FCE876B42BC2CE1100975929 /* FirebaseDatabase in Frameworks */ = {isa = PBXBuildFile; productRef = FCE876B32BC2CE1100975929 /* FirebaseDatabase */; };
		FCE876B62BC2CE1100975929 /* FirebaseDatabaseSwift in Frameworks */ = {isa = PBXBuildFile; productRef = FCE876B52BC2CE1100975929 /* FirebaseDatabaseSwift */; };
		FCE876B82BC2CE1100975929 /* FirebaseDynamicLinks in Frameworks */ = {isa = PBXBuildFile; productRef = FCE876B72BC2CE1100975929 /* FirebaseDynamicLinks */; };
		FCE876BA2BC2CE1100975929 /* FirebaseFirestore in Frameworks */ = {isa = PBXBuildFile; productRef = FCE876B92BC2CE1100975929 /* FirebaseFirestore */; };
		FCE876BC2BC2CE1100975929 /* FirebaseFirestoreCombine-Community in Frameworks */ = {isa = PBXBuildFile; productRef = FCE876BB2BC2CE1100975929 /* FirebaseFirestoreCombine-Community */; };
		FCE876BE2BC2CE1100975929 /* FirebaseFirestoreSwift in Frameworks */ = {isa = PBXBuildFile; productRef = FCE876BD2BC2CE1100975929 /* FirebaseFirestoreSwift */; };
		FCE876C02BC2CE1100975929 /* FirebaseFunctions in Frameworks */ = {isa = PBXBuildFile; productRef = FCE876BF2BC2CE1100975929 /* FirebaseFunctions */; };
		FCE876C22BC2CE1100975929 /* FirebaseFunctionsCombine-Community in Frameworks */ = {isa = PBXBuildFile; productRef = FCE876C12BC2CE1100975929 /* FirebaseFunctionsCombine-Community */; };
		FCE876C42BC2CE1100975929 /* FirebaseInAppMessaging-Beta in Frameworks */ = {isa = PBXBuildFile; productRef = FCE876C32BC2CE1100975929 /* FirebaseInAppMessaging-Beta */; };
		FCE876C62BC2CE1100975929 /* FirebaseInAppMessagingSwift-Beta in Frameworks */ = {isa = PBXBuildFile; productRef = FCE876C52BC2CE1100975929 /* FirebaseInAppMessagingSwift-Beta */; };
		FCE876C82BC2CE1100975929 /* FirebaseInstallations in Frameworks */ = {isa = PBXBuildFile; productRef = FCE876C72BC2CE1100975929 /* FirebaseInstallations */; };
		FCE876CA2BC2CE1100975929 /* FirebaseMLModelDownloader in Frameworks */ = {isa = PBXBuildFile; productRef = FCE876C92BC2CE1100975929 /* FirebaseMLModelDownloader */; };
		FCE876CC2BC2CE1100975929 /* FirebaseMessaging in Frameworks */ = {isa = PBXBuildFile; productRef = FCE876CB2BC2CE1100975929 /* FirebaseMessaging */; };
		FCE876CE2BC2CE1100975929 /* FirebasePerformance in Frameworks */ = {isa = PBXBuildFile; productRef = FCE876CD2BC2CE1100975929 /* FirebasePerformance */; };
		FCE876D02BC2CE1100975929 /* FirebaseRemoteConfig in Frameworks */ = {isa = PBXBuildFile; productRef = FCE876CF2BC2CE1100975929 /* FirebaseRemoteConfig */; };
		FCE915672BF0A6DF00E488B6 /* MessagePersistentOperations.swift in Sources */ = {isa = PBXBuildFile; fileRef = FCE915662BF0A6DF00E488B6 /* MessagePersistentOperations.swift */; };
		FCEBD3862BAFC0690077AD54 /* Loadable.swift in Sources */ = {isa = PBXBuildFile; fileRef = FCEBD3852BAFC0690077AD54 /* Loadable.swift */; };
		FCEBD3892BAFFF5A0077AD54 /* UserInteractor.swift in Sources */ = {isa = PBXBuildFile; fileRef = FCEBD3882BAFFF5A0077AD54 /* UserInteractor.swift */; };
		FCF091EA2B28967000726FBA /* ChatLogView.swift in Sources */ = {isa = PBXBuildFile; fileRef = FCF091E92B28967000726FBA /* ChatLogView.swift */; };
		FCFCCD562C71F06F00697395 /* SecretCommandModel.swift in Sources */ = {isa = PBXBuildFile; fileRef = FCFCCD552C71F06E00697395 /* SecretCommandModel.swift */; };
/* End PBXBuildFile section */

/* Begin PBXContainerItemProxy section */
		FC5E2AA12C1C363C003344B6 /* PBXContainerItemProxy */ = {
			isa = PBXContainerItemProxy;
			containerPortal = FC8F3F172AF8ED1A008015B7 /* Project object */;
			proxyType = 1;
			remoteGlobalIDString = FC5E2A9B2C1C363C003344B6;
			remoteInfo = PushNotificationExtension;
		};
		FCA8516C2C4F1D36001C252A /* PBXContainerItemProxy */ = {
			isa = PBXContainerItemProxy;
			containerPortal = FC8F3F172AF8ED1A008015B7 /* Project object */;
			proxyType = 1;
			remoteGlobalIDString = FC8F3F1E2AF8ED1A008015B7;
			remoteInfo = SimpleChat;
		};
/* End PBXContainerItemProxy section */

/* Begin PBXCopyFilesBuildPhase section */
		FC5A39C02C1C2DA600D70319 /* Embed Foundation Extensions */ = {
			isa = PBXCopyFilesBuildPhase;
			buildActionMask = 2147483647;
			dstPath = "";
			dstSubfolderSpec = 13;
			files = (
				FC5E2AA32C1C363C003344B6 /* PushNotificationExtension.appex in Embed Foundation Extensions */,
			);
			name = "Embed Foundation Extensions";
			runOnlyForDeploymentPostprocessing = 0;
		};
/* End PBXCopyFilesBuildPhase section */

/* Begin PBXFileReference section */
		FC08A5022BE0CD6B00D362C9 /* FriendPersistentOperations.swift */ = {isa = PBXFileReference; lastKnownFileType = sourcecode.swift; path = FriendPersistentOperations.swift; sourceTree = "<group>"; };
		FC08A5042BE0CDA600D362C9 /* ChatroomPersistentOperations.swift */ = {isa = PBXFileReference; lastKnownFileType = sourcecode.swift; path = ChatroomPersistentOperations.swift; sourceTree = "<group>"; };
		FC1097A62B88B9DA0091CD24 /* UserFriendEntity+CoreDataClass.swift */ = {isa = PBXFileReference; lastKnownFileType = sourcecode.swift; path = "UserFriendEntity+CoreDataClass.swift"; sourceTree = "<group>"; };
		FC1097A72B88B9DA0091CD24 /* UserFriendEntity+CoreDataProperties.swift */ = {isa = PBXFileReference; lastKnownFileType = sourcecode.swift; path = "UserFriendEntity+CoreDataProperties.swift"; sourceTree = "<group>"; };
		FC1097AA2B88C0900091CD24 /* CoreDataStack.swift */ = {isa = PBXFileReference; lastKnownFileType = sourcecode.swift; path = CoreDataStack.swift; sourceTree = "<group>"; };
		FC1097AC2B88D1F70091CD24 /* NetworkMonitor.swift */ = {isa = PBXFileReference; lastKnownFileType = sourcecode.swift; path = NetworkMonitor.swift; sourceTree = "<group>"; };
		FC2019D82C87F32F00AF239F /* VideoPlayer.swift */ = {isa = PBXFileReference; lastKnownFileType = sourcecode.swift; path = VideoPlayer.swift; sourceTree = "<group>"; };
		FC2041B02C72FF4B001FB99F /* ApplicationPermission.swift */ = {isa = PBXFileReference; lastKnownFileType = sourcecode.swift; path = ApplicationPermission.swift; sourceTree = "<group>"; };
		FC24F0522CE5C26D00C74E2F /* ChatroomCard.swift */ = {isa = PBXFileReference; lastKnownFileType = sourcecode.swift; path = ChatroomCard.swift; sourceTree = "<group>"; };
		FC24F0542CE5C29600C74E2F /* BundleCard.swift */ = {isa = PBXFileReference; lastKnownFileType = sourcecode.swift; path = BundleCard.swift; sourceTree = "<group>"; };
		FC32653C2B90388C001DFFD7 /* UserSystemMessageEntity+CoreDataClass.swift */ = {isa = PBXFileReference; lastKnownFileType = sourcecode.swift; path = "UserSystemMessageEntity+CoreDataClass.swift"; sourceTree = "<group>"; };
		FC32653D2B90388C001DFFD7 /* UserSystemMessageEntity+CoreDataProperties.swift */ = {isa = PBXFileReference; lastKnownFileType = sourcecode.swift; path = "UserSystemMessageEntity+CoreDataProperties.swift"; sourceTree = "<group>"; };
		FC32653E2B90388C001DFFD7 /* UserChatroomEntity+CoreDataClass.swift */ = {isa = PBXFileReference; lastKnownFileType = sourcecode.swift; path = "UserChatroomEntity+CoreDataClass.swift"; sourceTree = "<group>"; };
		FC32653F2B90388C001DFFD7 /* UserChatroomEntity+CoreDataProperties.swift */ = {isa = PBXFileReference; lastKnownFileType = sourcecode.swift; path = "UserChatroomEntity+CoreDataProperties.swift"; sourceTree = "<group>"; };
		FC3265402B90388C001DFFD7 /* UserMessageEntity+CoreDataClass.swift */ = {isa = PBXFileReference; lastKnownFileType = sourcecode.swift; path = "UserMessageEntity+CoreDataClass.swift"; sourceTree = "<group>"; };
		FC3265412B90388C001DFFD7 /* UserMessageEntity+CoreDataProperties.swift */ = {isa = PBXFileReference; lastKnownFileType = sourcecode.swift; path = "UserMessageEntity+CoreDataProperties.swift"; sourceTree = "<group>"; };
		FC32FA692C4F531F008EE573 /* MockURLProtocol.swift */ = {isa = PBXFileReference; lastKnownFileType = sourcecode.swift; path = MockURLProtocol.swift; sourceTree = "<group>"; };
		FC3418AB2BC01FE20016A33C /* NotificationInteractor.swift */ = {isa = PBXFileReference; lastKnownFileType = sourcecode.swift; path = NotificationInteractor.swift; sourceTree = "<group>"; };
		FC36130D2C91C591008CE28B /* MessageReactions.swift */ = {isa = PBXFileReference; lastKnownFileType = sourcecode.swift; path = MessageReactions.swift; sourceTree = "<group>"; };
		FC397D082B26F2AD009E5C45 /* Capstone_2.entitlements */ = {isa = PBXFileReference; lastKnownFileType = text.plist.entitlements; path = Capstone_2.entitlements; sourceTree = "<group>"; };
		FC3ABEFD2C50D0EF0042151A /* MockResponses.swift */ = {isa = PBXFileReference; lastKnownFileType = sourcecode.swift; path = MockResponses.swift; sourceTree = "<group>"; };
		FC3ABF012C50DC490042151A /* MockModels.swift */ = {isa = PBXFileReference; lastKnownFileType = sourcecode.swift; path = MockModels.swift; sourceTree = "<group>"; };
		FC3E51752BD37B4A004B5090 /* DBOperationsContainer.swift */ = {isa = PBXFileReference; lastKnownFileType = sourcecode.swift; path = DBOperationsContainer.swift; sourceTree = "<group>"; };
		FC3E51772BD385A3004B5090 /* Models+CoreData.swift */ = {isa = PBXFileReference; lastKnownFileType = sourcecode.swift; path = "Models+CoreData.swift"; sourceTree = "<group>"; };
		FC3E51792BD3C2E4004B5090 /* Helpers.swift */ = {isa = PBXFileReference; lastKnownFileType = sourcecode.swift; path = Helpers.swift; sourceTree = "<group>"; };
		FC3EF8652D0FB1890002065C /* MessageInteractorTests.swift */ = {isa = PBXFileReference; lastKnownFileType = sourcecode.swift; path = MessageInteractorTests.swift; sourceTree = "<group>"; };
		FC4D11392CE44B63001103C0 /* UserChatroomBundle+CoreDataClass.swift */ = {isa = PBXFileReference; lastKnownFileType = sourcecode.swift; path = "UserChatroomBundle+CoreDataClass.swift"; sourceTree = "<group>"; };
		FC4D113A2CE44B63001103C0 /* UserChatroomBundle+CoreDataProperties.swift */ = {isa = PBXFileReference; lastKnownFileType = sourcecode.swift; path = "UserChatroomBundle+CoreDataProperties.swift"; sourceTree = "<group>"; };
		FC4D113D2CE44BCF001103C0 /* ChatroomBundlePersistentOperations.swift */ = {isa = PBXFileReference; lastKnownFileType = sourcecode.swift; path = ChatroomBundlePersistentOperations.swift; sourceTree = "<group>"; };
		FC4D113F2CE44F26001103C0 /* ChatroomBundle.swift */ = {isa = PBXFileReference; lastKnownFileType = sourcecode.swift; path = ChatroomBundle.swift; sourceTree = "<group>"; };
		FC5367802C6C6848004544DC /* SignalingClient.swift */ = {isa = PBXFileReference; lastKnownFileType = sourcecode.swift; path = SignalingClient.swift; sourceTree = "<group>"; };
		FC5367822C6C6875004544DC /* Message.swift */ = {isa = PBXFileReference; lastKnownFileType = sourcecode.swift; path = Message.swift; sourceTree = "<group>"; };
		FC5367842C6C68E2004544DC /* SessionDescription.swift */ = {isa = PBXFileReference; lastKnownFileType = sourcecode.swift; path = SessionDescription.swift; sourceTree = "<group>"; };
		FC5367862C6C6907004544DC /* IceCandidate.swift */ = {isa = PBXFileReference; lastKnownFileType = sourcecode.swift; path = IceCandidate.swift; sourceTree = "<group>"; };
		FC5367882C6C7B7C004544DC /* RTCStates.swift */ = {isa = PBXFileReference; lastKnownFileType = sourcecode.swift; path = RTCStates.swift; sourceTree = "<group>"; };
		FC5AE4982B4158D900C94687 /* CustomViewStyles.swift */ = {isa = PBXFileReference; lastKnownFileType = sourcecode.swift; path = CustomViewStyles.swift; sourceTree = "<group>"; };
		FC5C08292BB5323600AEBF43 /* HttpRequestBody.swift */ = {isa = PBXFileReference; lastKnownFileType = sourcecode.swift; path = HttpRequestBody.swift; sourceTree = "<group>"; };
		FC5E2A9C2C1C363C003344B6 /* PushNotificationExtension.appex */ = {isa = PBXFileReference; explicitFileType = "wrapper.app-extension"; includeInIndex = 0; path = PushNotificationExtension.appex; sourceTree = BUILT_PRODUCTS_DIR; };
		FC5E2A9E2C1C363C003344B6 /* NotificationService.swift */ = {isa = PBXFileReference; lastKnownFileType = sourcecode.swift; path = NotificationService.swift; sourceTree = "<group>"; };
		FC5E2AA02C1C363C003344B6 /* Info.plist */ = {isa = PBXFileReference; lastKnownFileType = text.plist.xml; path = Info.plist; sourceTree = "<group>"; };
		FC5F3C2D2BA5D61D00AE65DD /* WebRepository.swift */ = {isa = PBXFileReference; lastKnownFileType = sourcecode.swift; path = WebRepository.swift; sourceTree = "<group>"; };
		FC62447F2C89640700CB7651 /* VideoChatView.swift */ = {isa = PBXFileReference; lastKnownFileType = sourcecode.swift; path = VideoChatView.swift; sourceTree = "<group>"; };
		FC661F062B11BC0600DBD576 /* SimpleChat-Info.plist */ = {isa = PBXFileReference; lastKnownFileType = text.plist.xml; path = "SimpleChat-Info.plist"; sourceTree = SOURCE_ROOT; };
		FC663D032BB16CAE00FD0786 /* InteractorsContainer.swift */ = {isa = PBXFileReference; lastKnownFileType = sourcecode.swift; path = InteractorsContainer.swift; sourceTree = "<group>"; };
		FC6A692D2C085E9E0039CA3E /* UserDefaultsInterface.swift */ = {isa = PBXFileReference; lastKnownFileType = sourcecode.swift; path = UserDefaultsInterface.swift; sourceTree = "<group>"; };
		FC6A88F82C006D2200A43CD1 /* FullScreenChatPhotoView.swift */ = {isa = PBXFileReference; lastKnownFileType = sourcecode.swift; path = FullScreenChatPhotoView.swift; sourceTree = "<group>"; };
		FC6BD1472BA31BBB004B2558 /* PushNotificationsHandler.swift */ = {isa = PBXFileReference; lastKnownFileType = sourcecode.swift; path = PushNotificationsHandler.swift; sourceTree = "<group>"; };
		FC6BD14E2BA32A7C004B2558 /* SideMenu.swift */ = {isa = PBXFileReference; lastKnownFileType = sourcecode.swift; path = SideMenu.swift; sourceTree = "<group>"; };
		FC6BD1502BA333A9004B2558 /* APICall.swift */ = {isa = PBXFileReference; lastKnownFileType = sourcecode.swift; path = APICall.swift; sourceTree = "<group>"; };
		FC6E8DAB2BE4BA7E00CC7188 /* FolwRouter.swift */ = {isa = PBXFileReference; lastKnownFileType = sourcecode.swift; path = FolwRouter.swift; sourceTree = "<group>"; };
		FC6E8DAE2BE4CA9600CC7188 /* DependencyInjector.swift */ = {isa = PBXFileReference; lastKnownFileType = sourcecode.swift; path = DependencyInjector.swift; sourceTree = "<group>"; };
		FC772F142C2451D300945F2B /* FullScreenProfilePhotoView.swift */ = {isa = PBXFileReference; lastKnownFileType = sourcecode.swift; path = FullScreenProfilePhotoView.swift; sourceTree = "<group>"; };
		FC77D8522BCFBE0000E4E684 /* LocalNotificationHandler.swift */ = {isa = PBXFileReference; lastKnownFileType = sourcecode.swift; path = LocalNotificationHandler.swift; sourceTree = "<group>"; };
		FC7950042BC925CF0018719E /* UserChatroom.swift */ = {isa = PBXFileReference; lastKnownFileType = sourcecode.swift; path = UserChatroom.swift; sourceTree = "<group>"; };
		FC7950062BC926340018719E /* UserChatLog.swift */ = {isa = PBXFileReference; lastKnownFileType = sourcecode.swift; path = UserChatLog.swift; sourceTree = "<group>"; };
		FC7950082BC926750018719E /* SystemLog.swift */ = {isa = PBXFileReference; lastKnownFileType = sourcecode.swift; path = SystemLog.swift; sourceTree = "<group>"; };
		FC79500A2BC927560018719E /* UserFriend.swift */ = {isa = PBXFileReference; lastKnownFileType = sourcecode.swift; path = UserFriend.swift; sourceTree = "<group>"; };
		FC79500C2BC927770018719E /* UserNotification.swift */ = {isa = PBXFileReference; lastKnownFileType = sourcecode.swift; path = UserNotification.swift; sourceTree = "<group>"; };
		FC871ECE2C4F20C200106295 /* ChatroomInteractorTests.swift */ = {isa = PBXFileReference; lastKnownFileType = sourcecode.swift; path = ChatroomInteractorTests.swift; sourceTree = "<group>"; };
		FC88B6E42BE7AEF300B79D18 /* AccountWebRepository.swift */ = {isa = PBXFileReference; lastKnownFileType = sourcecode.swift; path = AccountWebRepository.swift; sourceTree = "<group>"; };
		FC88B6E62BE7B1C200B79D18 /* MessageWebRepository.swift */ = {isa = PBXFileReference; lastKnownFileType = sourcecode.swift; path = MessageWebRepository.swift; sourceTree = "<group>"; };
		FC8A24AC2CA4177000EEA4F8 /* VideoMessageSendingView.swift */ = {isa = PBXFileReference; lastKnownFileType = sourcecode.swift; path = VideoMessageSendingView.swift; sourceTree = "<group>"; };
		FC8C9A652BC40D4E00785E96 /* CancelBag.swift */ = {isa = PBXFileReference; lastKnownFileType = sourcecode.swift; path = CancelBag.swift; sourceTree = "<group>"; };
		FC8F3F1F2AF8ED1A008015B7 /* SimpleChat.app */ = {isa = PBXFileReference; explicitFileType = wrapper.application; includeInIndex = 0; path = SimpleChat.app; sourceTree = BUILT_PRODUCTS_DIR; };
		FC8F3F222AF8ED1A008015B7 /* SimpleChat.swift */ = {isa = PBXFileReference; lastKnownFileType = sourcecode.swift; path = SimpleChat.swift; sourceTree = "<group>"; };
		FC8F3F242AF8ED1A008015B7 /* IndexView.swift */ = {isa = PBXFileReference; lastKnownFileType = sourcecode.swift; path = IndexView.swift; sourceTree = "<group>"; };
		FC8F3F262AF8ED1C008015B7 /* Assets.xcassets */ = {isa = PBXFileReference; lastKnownFileType = folder.assetcatalog; path = Assets.xcassets; sourceTree = "<group>"; };
		FC8F3F292AF8ED1C008015B7 /* Preview Assets.xcassets */ = {isa = PBXFileReference; lastKnownFileType = folder.assetcatalog; path = "Preview Assets.xcassets"; sourceTree = "<group>"; };
		FC9743C12B08970F0086BCA6 /* GoogleService-Info.plist */ = {isa = PBXFileReference; fileEncoding = 4; lastKnownFileType = text.plist.xml; path = "GoogleService-Info.plist"; sourceTree = "<group>"; };
		FC9744332B089C8D0086BCA6 /* SignUpView.swift */ = {isa = PBXFileReference; lastKnownFileType = sourcecode.swift; path = SignUpView.swift; sourceTree = "<group>"; };
		FC9744352B09EDF90086BCA6 /* LogInView.swift */ = {isa = PBXFileReference; lastKnownFileType = sourcecode.swift; path = LogInView.swift; sourceTree = "<group>"; };
		FC9744372B0B1EBD0086BCA6 /* AccountView.swift */ = {isa = PBXFileReference; lastKnownFileType = sourcecode.swift; path = AccountView.swift; sourceTree = "<group>"; };
		FC98053B2CE4486A001CBFB6 /* SimpleChat.xcdatamodel */ = {isa = PBXFileReference; lastKnownFileType = wrapper.xcdatamodel; path = SimpleChat.xcdatamodel; sourceTree = "<group>"; };
		FC9AB93A2B287B7F008339AC /* MainMessageView.swift */ = {isa = PBXFileReference; lastKnownFileType = sourcecode.swift; path = MainMessageView.swift; sourceTree = "<group>"; };
		FC9BFA6B2C019B3C001D230F /* ChatMessageView.swift */ = {isa = PBXFileReference; lastKnownFileType = sourcecode.swift; path = ChatMessageView.swift; sourceTree = "<group>"; };
		FCA851682C4F1D36001C252A /* SimpleChatTests.xctest */ = {isa = PBXFileReference; explicitFileType = wrapper.cfbundle; includeInIndex = 0; path = SimpleChatTests.xctest; sourceTree = BUILT_PRODUCTS_DIR; };
		FCAC4A532C4F1CD300F59655 /* hhjhj.xctestplan */ = {isa = PBXFileReference; lastKnownFileType = text; path = hhjhj.xctestplan; sourceTree = "<group>"; };
		FCACCD212C0EA71600B3E557 /* FriendDetailView.swift */ = {isa = PBXFileReference; lastKnownFileType = sourcecode.swift; path = FriendDetailView.swift; sourceTree = "<group>"; };
		FCB0D5612C5F743800976558 /* WebSocketManager.swift */ = {isa = PBXFileReference; lastKnownFileType = sourcecode.swift; path = WebSocketManager.swift; sourceTree = "<group>"; };
		FCB113072CD1F51600D92E14 /* LoadingDonutView.swift */ = {isa = PBXFileReference; lastKnownFileType = sourcecode.swift; path = LoadingDonutView.swift; sourceTree = "<group>"; };
		FCB2077D2C6C2460005DEAB4 /* WebRTCClient.swift */ = {isa = PBXFileReference; lastKnownFileType = sourcecode.swift; path = WebRTCClient.swift; sourceTree = "<group>"; };
		FCB2077F2C6C3768005DEAB4 /* Config.swift */ = {isa = PBXFileReference; lastKnownFileType = sourcecode.swift; path = Config.swift; sourceTree = "<group>"; };
		FCB207812C6C3A6F005DEAB4 /* WebSocketProvider.swift */ = {isa = PBXFileReference; lastKnownFileType = sourcecode.swift; path = WebSocketProvider.swift; sourceTree = "<group>"; };
		FCB207832C6C3A89005DEAB4 /* NativeWebSocket.swift */ = {isa = PBXFileReference; lastKnownFileType = sourcecode.swift; path = NativeWebSocket.swift; sourceTree = "<group>"; };
		FCB61B242C1412E900C40FB8 /* AppThemeToggleView.swift */ = {isa = PBXFileReference; lastKnownFileType = sourcecode.swift; path = AppThemeToggleView.swift; sourceTree = "<group>"; };
		FCB61B282C1430C400C40FB8 /* Color.xcassets */ = {isa = PBXFileReference; lastKnownFileType = folder.assetcatalog; path = Color.xcassets; sourceTree = "<group>"; };
		FCBBA6EA2C09B005003140E3 /* ChatroomProfileView.swift */ = {isa = PBXFileReference; lastKnownFileType = sourcecode.swift; path = ChatroomProfileView.swift; sourceTree = "<group>"; };
		FCBCD6292BFC5211001D310B /* CollapsibleReadUserListView.swift */ = {isa = PBXFileReference; lastKnownFileType = sourcecode.swift; path = CollapsibleReadUserListView.swift; sourceTree = "<group>"; };
		FCC105772BBD498B00859928 /* AppDelegate.swift */ = {isa = PBXFileReference; lastKnownFileType = sourcecode.swift; path = AppDelegate.swift; sourceTree = "<group>"; };
		FCC105792BBD66F900859928 /* MessageInteractor.swift */ = {isa = PBXFileReference; lastKnownFileType = sourcecode.swift; path = MessageInteractor.swift; sourceTree = "<group>"; };
		FCC171E92C02E1EE00F60140 /* AppSettingView.swift */ = {isa = PBXFileReference; lastKnownFileType = sourcecode.swift; path = AppSettingView.swift; sourceTree = "<group>"; };
		FCC453F12C6EE88F00B4CCE6 /* VoiceChatroomView.swift */ = {isa = PBXFileReference; lastKnownFileType = sourcecode.swift; path = VoiceChatroomView.swift; sourceTree = "<group>"; };
		FCC453F32C6EF44300B4CCE6 /* VideoView.swift */ = {isa = PBXFileReference; lastKnownFileType = sourcecode.swift; path = VideoView.swift; sourceTree = "<group>"; };
		FCC453F52C6EF93000B4CCE6 /* SignalingMessage.swift */ = {isa = PBXFileReference; lastKnownFileType = sourcecode.swift; path = SignalingMessage.swift; sourceTree = "<group>"; };
		FCC47D372B941C25002754CB /* HttpResponseModel.swift */ = {isa = PBXFileReference; lastKnownFileType = sourcecode.swift; path = HttpResponseModel.swift; sourceTree = "<group>"; };
		FCC7322F2BE8E3C800BFF5CC /* NotificationWebRepository.swift */ = {isa = PBXFileReference; lastKnownFileType = sourcecode.swift; path = NotificationWebRepository.swift; sourceTree = "<group>"; };
		FCC732312BE8E3E600BFF5CC /* ChatroomWebRepository.swift */ = {isa = PBXFileReference; lastKnownFileType = sourcecode.swift; path = ChatroomWebRepository.swift; sourceTree = "<group>"; };
		FCD18E562C42AB0000F2EE21 /* Localizable.xcstrings */ = {isa = PBXFileReference; lastKnownFileType = text.json.xcstrings; path = Localizable.xcstrings; sourceTree = "<group>"; };
		FCD18E582C42C3DD00F2EE21 /* LocalizationLanguage.swift */ = {isa = PBXFileReference; lastKnownFileType = sourcecode.swift; path = LocalizationLanguage.swift; sourceTree = "<group>"; };
		FCD1B9E02B56BDDD0077BA17 /* ApplicationViewModel.swift */ = {isa = PBXFileReference; lastKnownFileType = sourcecode.swift; path = ApplicationViewModel.swift; sourceTree = "<group>"; };
		FCD5F3C32C25842400DC3978 /* UserProfileModel.swift */ = {isa = PBXFileReference; lastKnownFileType = sourcecode.swift; path = UserProfileModel.swift; sourceTree = "<group>"; };
		FCD8E3542CA2D05500232518 /* PhotoMessageSendingView.swift */ = {isa = PBXFileReference; lastKnownFileType = sourcecode.swift; path = PhotoMessageSendingView.swift; sourceTree = "<group>"; };
		FCDCC9322C4E0347003DD702 /* Localizable.xcstrings */ = {isa = PBXFileReference; lastKnownFileType = text.json.xcstrings; path = Localizable.xcstrings; sourceTree = "<group>"; };
		FCE2DEF82C533D1900EC3BD9 /* ImageHelper.swift */ = {isa = PBXFileReference; lastKnownFileType = sourcecode.swift; path = ImageHelper.swift; sourceTree = "<group>"; };
		FCE44FB12C34106200AC0DE8 /* PushNotificationExtension.entitlements */ = {isa = PBXFileReference; lastKnownFileType = text.plist.entitlements; path = PushNotificationExtension.entitlements; sourceTree = "<group>"; };
		FCE5342B2C7B6B7C006F8E4B /* MediaViewModel.swift */ = {isa = PBXFileReference; lastKnownFileType = sourcecode.swift; path = MediaViewModel.swift; sourceTree = "<group>"; };
		FCE8769E2BC2A00500975929 /* ChatroomInteractor.swift */ = {isa = PBXFileReference; lastKnownFileType = sourcecode.swift; path = ChatroomInteractor.swift; sourceTree = "<group>"; };
		FCE915662BF0A6DF00E488B6 /* MessagePersistentOperations.swift */ = {isa = PBXFileReference; lastKnownFileType = sourcecode.swift; path = MessagePersistentOperations.swift; sourceTree = "<group>"; };
		FCEBD3852BAFC0690077AD54 /* Loadable.swift */ = {isa = PBXFileReference; lastKnownFileType = sourcecode.swift; path = Loadable.swift; sourceTree = "<group>"; };
		FCEBD3882BAFFF5A0077AD54 /* UserInteractor.swift */ = {isa = PBXFileReference; lastKnownFileType = sourcecode.swift; path = UserInteractor.swift; sourceTree = "<group>"; };
		FCF091E92B28967000726FBA /* ChatLogView.swift */ = {isa = PBXFileReference; lastKnownFileType = sourcecode.swift; path = ChatLogView.swift; sourceTree = "<group>"; };
		FCFCCD552C71F06E00697395 /* SecretCommandModel.swift */ = {isa = PBXFileReference; lastKnownFileType = sourcecode.swift; path = SecretCommandModel.swift; sourceTree = "<group>"; };
/* End PBXFileReference section */

/* Begin PBXFrameworksBuildPhase section */
		FC5E2A992C1C363C003344B6 /* Frameworks */ = {
			isa = PBXFrameworksBuildPhase;
			buildActionMask = 2147483647;
			files = (
			);
			runOnlyForDeploymentPostprocessing = 0;
		};
		FC8F3F1C2AF8ED1A008015B7 /* Frameworks */ = {
			isa = PBXFrameworksBuildPhase;
			buildActionMask = 2147483647;
			files = (
				FCE876C62BC2CE1100975929 /* FirebaseInAppMessagingSwift-Beta in Frameworks */,
				FCE876B62BC2CE1100975929 /* FirebaseDatabaseSwift in Frameworks */,
				FCE876B42BC2CE1100975929 /* FirebaseDatabase in Frameworks */,
				FCE876CA2BC2CE1100975929 /* FirebaseMLModelDownloader in Frameworks */,
				FC9D66312C6590CA00911674 /* WebRTC in Frameworks */,
				FCE876AA2BC2CE1100975929 /* FirebaseAppCheck in Frameworks */,
				FCE876C22BC2CE1100975929 /* FirebaseFunctionsCombine-Community in Frameworks */,
				FCE876C82BC2CE1100975929 /* FirebaseInstallations in Frameworks */,
				FCE876CC2BC2CE1100975929 /* FirebaseMessaging in Frameworks */,
				FCE876AE2BC2CE1100975929 /* FirebaseAuth in Frameworks */,
				FCE876D02BC2CE1100975929 /* FirebaseRemoteConfig in Frameworks */,
				FCE876A62BC2CE1100975929 /* FirebaseAnalyticsSwift in Frameworks */,
				FCE876CE2BC2CE1100975929 /* FirebasePerformance in Frameworks */,
				FCE876BA2BC2CE1100975929 /* FirebaseFirestore in Frameworks */,
				FCE6C6922AFB8A0900735590 /* Alamofire in Frameworks */,
				FCE876C42BC2CE1100975929 /* FirebaseInAppMessaging-Beta in Frameworks */,
				FC397D072B25C10B009E5C45 /* SDWebImageSwiftUI in Frameworks */,
				FCE876A42BC2CE1100975929 /* FirebaseAnalyticsOnDeviceConversion in Frameworks */,
				FCE876B02BC2CE1100975929 /* FirebaseAuthCombine-Community in Frameworks */,
				FCE876C02BC2CE1100975929 /* FirebaseFunctions in Frameworks */,
				FCE876A82BC2CE1100975929 /* FirebaseAnalyticsWithoutAdIdSupport in Frameworks */,
				FCE876BC2BC2CE1100975929 /* FirebaseFirestoreCombine-Community in Frameworks */,
				FCE876A22BC2CE1100975929 /* FirebaseAnalytics in Frameworks */,
				FCE876B22BC2CE1100975929 /* FirebaseCrashlytics in Frameworks */,
				FCE876AC2BC2CE1100975929 /* FirebaseAppDistribution-Beta in Frameworks */,
				FCE876B82BC2CE1100975929 /* FirebaseDynamicLinks in Frameworks */,
				FCE876BE2BC2CE1100975929 /* FirebaseFirestoreSwift in Frameworks */,
			);
			runOnlyForDeploymentPostprocessing = 0;
		};
		FCA851652C4F1D36001C252A /* Frameworks */ = {
			isa = PBXFrameworksBuildPhase;
			buildActionMask = 2147483647;
			files = (
			);
			runOnlyForDeploymentPostprocessing = 0;
		};
/* End PBXFrameworksBuildPhase section */

/* Begin PBXGroup section */
		FC4D9DD92B9F0FFE00241FA0 /* Persistence */ = {
			isa = PBXGroup;
			children = (
				FC98053A2CE4486A001CBFB6 /* SimpleChat.xcdatamodeld */,
				FC1097AA2B88C0900091CD24 /* CoreDataStack.swift */,
				FC4D11392CE44B63001103C0 /* UserChatroomBundle+CoreDataClass.swift */,
				FC4D113A2CE44B63001103C0 /* UserChatroomBundle+CoreDataProperties.swift */,
				FC32653C2B90388C001DFFD7 /* UserSystemMessageEntity+CoreDataClass.swift */,
				FC32653D2B90388C001DFFD7 /* UserSystemMessageEntity+CoreDataProperties.swift */,
				FC32653E2B90388C001DFFD7 /* UserChatroomEntity+CoreDataClass.swift */,
				FC32653F2B90388C001DFFD7 /* UserChatroomEntity+CoreDataProperties.swift */,
				FC3265402B90388C001DFFD7 /* UserMessageEntity+CoreDataClass.swift */,
				FC3265412B90388C001DFFD7 /* UserMessageEntity+CoreDataProperties.swift */,
				FC1097A62B88B9DA0091CD24 /* UserFriendEntity+CoreDataClass.swift */,
				FC1097A72B88B9DA0091CD24 /* UserFriendEntity+CoreDataProperties.swift */,
			);
			path = Persistence;
			sourceTree = "<group>";
		};
		FC4D9DDA2B9F103800241FA0 /* System */ = {
			isa = PBXGroup;
			children = (
				FC8F3F222AF8ED1A008015B7 /* SimpleChat.swift */,
				FC6BD1472BA31BBB004B2558 /* PushNotificationsHandler.swift */,
				FCC105772BBD498B00859928 /* AppDelegate.swift */,
			);
			path = System;
			sourceTree = "<group>";
		};
		FC5E2A9D2C1C363C003344B6 /* PushNotificationExtension */ = {
			isa = PBXGroup;
			children = (
				FCE44FB12C34106200AC0DE8 /* PushNotificationExtension.entitlements */,
				FC5E2A9E2C1C363C003344B6 /* NotificationService.swift */,
				FC5E2AA02C1C363C003344B6 /* Info.plist */,
				FCDCC9322C4E0347003DD702 /* Localizable.xcstrings */,
			);
			path = PushNotificationExtension;
			sourceTree = "<group>";
		};
		FC6BD1492BA323FD004B2558 /* UI */ = {
			isa = PBXGroup;
			children = (
				FC6BD14C2BA32487004B2558 /* Components */,
				FC6BD14A2BA32404004B2558 /* Screens */,
			);
			path = UI;
			sourceTree = "<group>";
		};
		FC6BD14A2BA32404004B2558 /* Screens */ = {
			isa = PBXGroup;
			children = (
				FC8F3F242AF8ED1A008015B7 /* IndexView.swift */,
				FC9744372B0B1EBD0086BCA6 /* AccountView.swift */,
				FC9AB93A2B287B7F008339AC /* MainMessageView.swift */,
				FCF091E92B28967000726FBA /* ChatLogView.swift */,
				FCC171E92C02E1EE00F60140 /* AppSettingView.swift */,
				FCACCD212C0EA71600B3E557 /* FriendDetailView.swift */,
				FC772F142C2451D300945F2B /* FullScreenProfilePhotoView.swift */,
				FCC453F12C6EE88F00B4CCE6 /* VoiceChatroomView.swift */,
				FCC453F32C6EF44300B4CCE6 /* VideoView.swift */,
				FC62447F2C89640700CB7651 /* VideoChatView.swift */,
				FC6A88F82C006D2200A43CD1 /* FullScreenChatPhotoView.swift */,
				FCD8E3542CA2D05500232518 /* PhotoMessageSendingView.swift */,
				FC8A24AC2CA4177000EEA4F8 /* VideoMessageSendingView.swift */,
			);
			path = Screens;
			sourceTree = "<group>";
		};
		FC6BD14B2BA32443004B2558 /* Models */ = {
			isa = PBXGroup;
			children = (
				FC5C08292BB5323600AEBF43 /* HttpRequestBody.swift */,
				FCC47D372B941C25002754CB /* HttpResponseModel.swift */,
				FCD1B9E02B56BDDD0077BA17 /* ApplicationViewModel.swift */,
				FC7950042BC925CF0018719E /* UserChatroom.swift */,
				FC7950062BC926340018719E /* UserChatLog.swift */,
				FC7950082BC926750018719E /* SystemLog.swift */,
				FC79500A2BC927560018719E /* UserFriend.swift */,
				FC79500C2BC927770018719E /* UserNotification.swift */,
				FC3E51772BD385A3004B5090 /* Models+CoreData.swift */,
				FCD5F3C32C25842400DC3978 /* UserProfileModel.swift */,
				FCFCCD552C71F06E00697395 /* SecretCommandModel.swift */,
				FCE5342B2C7B6B7C006F8E4B /* MediaViewModel.swift */,
				FC36130D2C91C591008CE28B /* MessageReactions.swift */,
				FC4D113F2CE44F26001103C0 /* ChatroomBundle.swift */,
			);
			path = Models;
			sourceTree = "<group>";
		};
		FC6BD14C2BA32487004B2558 /* Components */ = {
			isa = PBXGroup;
			children = (
				FC5AE4982B4158D900C94687 /* CustomViewStyles.swift */,
				FC9744352B09EDF90086BCA6 /* LogInView.swift */,
				FC9744332B089C8D0086BCA6 /* SignUpView.swift */,
				FC6BD14E2BA32A7C004B2558 /* SideMenu.swift */,
				FCBCD6292BFC5211001D310B /* CollapsibleReadUserListView.swift */,
				FC9BFA6B2C019B3C001D230F /* ChatMessageView.swift */,
				FCBBA6EA2C09B005003140E3 /* ChatroomProfileView.swift */,
				FCB61B242C1412E900C40FB8 /* AppThemeToggleView.swift */,
				FC2019D82C87F32F00AF239F /* VideoPlayer.swift */,
				FCB113072CD1F51600D92E14 /* LoadingDonutView.swift */,
				FC24F0522CE5C26D00C74E2F /* ChatroomCard.swift */,
				FC24F0542CE5C29600C74E2F /* BundleCard.swift */,
			);
			path = Components;
			sourceTree = "<group>";
		};
		FC6BD14D2BA32A1E004B2558 /* Utilities */ = {
			isa = PBXGroup;
			children = (
				FC1097AC2B88D1F70091CD24 /* NetworkMonitor.swift */,
				FC77D8522BCFBE0000E4E684 /* LocalNotificationHandler.swift */,
				FC6BD1502BA333A9004B2558 /* APICall.swift */,
				FCEBD3852BAFC0690077AD54 /* Loadable.swift */,
				FC8C9A652BC40D4E00785E96 /* CancelBag.swift */,
				FC3E51792BD3C2E4004B5090 /* Helpers.swift */,
				FC6E8DAB2BE4BA7E00CC7188 /* FolwRouter.swift */,
				FC6A692D2C085E9E0039CA3E /* UserDefaultsInterface.swift */,
				FCD18E582C42C3DD00F2EE21 /* LocalizationLanguage.swift */,
				FCE2DEF82C533D1900EC3BD9 /* ImageHelper.swift */,
				FCB0D5612C5F743800976558 /* WebSocketManager.swift */,
				FC2041B02C72FF4B001FB99F /* ApplicationPermission.swift */,
			);
			path = Utilities;
			sourceTree = "<group>";
		};
		FC6E8DAD2BE4CA8300CC7188 /* Injected */ = {
			isa = PBXGroup;
			children = (
				FC663D032BB16CAE00FD0786 /* InteractorsContainer.swift */,
				FC6E8DAE2BE4CA9600CC7188 /* DependencyInjector.swift */,
			);
			path = Injected;
			sourceTree = "<group>";
		};
		FC6E8DB02BE4D2E300CC7188 /* Repositories */ = {
			isa = PBXGroup;
			children = (
				FC5F3C2D2BA5D61D00AE65DD /* WebRepository.swift */,
				FC88B6E42BE7AEF300B79D18 /* AccountWebRepository.swift */,
				FC88B6E62BE7B1C200B79D18 /* MessageWebRepository.swift */,
				FCC7322F2BE8E3C800BFF5CC /* NotificationWebRepository.swift */,
				FCC732312BE8E3E600BFF5CC /* ChatroomWebRepository.swift */,
				FC3E51752BD37B4A004B5090 /* DBOperationsContainer.swift */,
				FC08A5042BE0CDA600D362C9 /* ChatroomPersistentOperations.swift */,
				FC08A5022BE0CD6B00D362C9 /* FriendPersistentOperations.swift */,
				FCE915662BF0A6DF00E488B6 /* MessagePersistentOperations.swift */,
				FC4D113D2CE44BCF001103C0 /* ChatroomBundlePersistentOperations.swift */,
			);
			path = Repositories;
			sourceTree = "<group>";
		};
		FC871ECC2C4F1F6600106295 /* Mock */ = {
			isa = PBXGroup;
			children = (
				FC32FA692C4F531F008EE573 /* MockURLProtocol.swift */,
				FC3ABEFD2C50D0EF0042151A /* MockResponses.swift */,
				FC3ABF012C50DC490042151A /* MockModels.swift */,
			);
			path = Mock;
			sourceTree = "<group>";
		};
		FC871ECD2C4F201500106295 /* Interactors */ = {
			isa = PBXGroup;
			children = (
				FC871ECE2C4F20C200106295 /* ChatroomInteractorTests.swift */,
				FC3EF8652D0FB1890002065C /* MessageInteractorTests.swift */,
			);
			path = Interactors;
			sourceTree = "<group>";
		};
		FC8F3F162AF8ED1A008015B7 = {
			isa = PBXGroup;
			children = (
				FCAC4A532C4F1CD300F59655 /* hhjhj.xctestplan */,
				FCD18E562C42AB0000F2EE21 /* Localizable.xcstrings */,
				FC8F3F212AF8ED1A008015B7 /* SimpleChat */,
				FC5E2A9D2C1C363C003344B6 /* PushNotificationExtension */,
				FCA851692C4F1D36001C252A /* SimpleChatTests */,
				FC8F3F202AF8ED1A008015B7 /* Products */,
			);
			sourceTree = "<group>";
		};
		FC8F3F202AF8ED1A008015B7 /* Products */ = {
			isa = PBXGroup;
			children = (
				FC8F3F1F2AF8ED1A008015B7 /* SimpleChat.app */,
				FC5E2A9C2C1C363C003344B6 /* PushNotificationExtension.appex */,
				FCA851682C4F1D36001C252A /* SimpleChatTests.xctest */,
			);
			name = Products;
			sourceTree = "<group>";
		};
		FC8F3F212AF8ED1A008015B7 /* SimpleChat */ = {
			isa = PBXGroup;
			children = (
				FCB2077C2C6C241E005DEAB4 /* WebRTC */,
				FC6E8DB02BE4D2E300CC7188 /* Repositories */,
				FC6E8DAD2BE4CA8300CC7188 /* Injected */,
				FCEBD3872BAFFEFF0077AD54 /* Interactors */,
				FC6BD14D2BA32A1E004B2558 /* Utilities */,
				FC6BD14B2BA32443004B2558 /* Models */,
				FC6BD1492BA323FD004B2558 /* UI */,
				FC4D9DDA2B9F103800241FA0 /* System */,
				FC4D9DD92B9F0FFE00241FA0 /* Persistence */,
				FC397D082B26F2AD009E5C45 /* Capstone_2.entitlements */,
				FC661F062B11BC0600DBD576 /* SimpleChat-Info.plist */,
				FC9743C12B08970F0086BCA6 /* GoogleService-Info.plist */,
				FC8F3F262AF8ED1C008015B7 /* Assets.xcassets */,
				FCB61B282C1430C400C40FB8 /* Color.xcassets */,
				FC8F3F282AF8ED1C008015B7 /* Preview Content */,
			);
			path = SimpleChat;
			sourceTree = "<group>";
		};
		FC8F3F282AF8ED1C008015B7 /* Preview Content */ = {
			isa = PBXGroup;
			children = (
				FC8F3F292AF8ED1C008015B7 /* Preview Assets.xcassets */,
			);
			path = "Preview Content";
			sourceTree = "<group>";
		};
		FCA851692C4F1D36001C252A /* SimpleChatTests */ = {
			isa = PBXGroup;
			children = (
				FC871ECD2C4F201500106295 /* Interactors */,
				FC871ECC2C4F1F6600106295 /* Mock */,
			);
			path = SimpleChatTests;
			sourceTree = "<group>";
		};
		FCB2077C2C6C241E005DEAB4 /* WebRTC */ = {
			isa = PBXGroup;
			children = (
				FCB2077D2C6C2460005DEAB4 /* WebRTCClient.swift */,
				FCB2077F2C6C3768005DEAB4 /* Config.swift */,
				FCB207812C6C3A6F005DEAB4 /* WebSocketProvider.swift */,
				FCB207832C6C3A89005DEAB4 /* NativeWebSocket.swift */,
				FC5367802C6C6848004544DC /* SignalingClient.swift */,
				FC5367822C6C6875004544DC /* Message.swift */,
				FC5367842C6C68E2004544DC /* SessionDescription.swift */,
				FC5367862C6C6907004544DC /* IceCandidate.swift */,
				FC5367882C6C7B7C004544DC /* RTCStates.swift */,
				FCC453F52C6EF93000B4CCE6 /* SignalingMessage.swift */,
			);
			path = WebRTC;
			sourceTree = "<group>";
		};
		FCEBD3872BAFFEFF0077AD54 /* Interactors */ = {
			isa = PBXGroup;
			children = (
				FCEBD3882BAFFF5A0077AD54 /* UserInteractor.swift */,
				FCC105792BBD66F900859928 /* MessageInteractor.swift */,
				FC3418AB2BC01FE20016A33C /* NotificationInteractor.swift */,
				FCE8769E2BC2A00500975929 /* ChatroomInteractor.swift */,
			);
			path = Interactors;
			sourceTree = "<group>";
		};
/* End PBXGroup section */

/* Begin PBXNativeTarget section */
		FC5E2A9B2C1C363C003344B6 /* PushNotificationExtension */ = {
			isa = PBXNativeTarget;
			buildConfigurationList = FC5E2AA42C1C363C003344B6 /* Build configuration list for PBXNativeTarget "PushNotificationExtension" */;
			buildPhases = (
				FC5E2A982C1C363C003344B6 /* Sources */,
				FC5E2A992C1C363C003344B6 /* Frameworks */,
				FC5E2A9A2C1C363C003344B6 /* Resources */,
			);
			buildRules = (
			);
			dependencies = (
			);
			name = PushNotificationExtension;
			productName = PushNotificationExtension;
			productReference = FC5E2A9C2C1C363C003344B6 /* PushNotificationExtension.appex */;
			productType = "com.apple.product-type.app-extension";
		};
		FC8F3F1E2AF8ED1A008015B7 /* SimpleChat */ = {
			isa = PBXNativeTarget;
			buildConfigurationList = FC8F3F2D2AF8ED1C008015B7 /* Build configuration list for PBXNativeTarget "SimpleChat" */;
			buildPhases = (
				FC8F3F1B2AF8ED1A008015B7 /* Sources */,
				FC8F3F1C2AF8ED1A008015B7 /* Frameworks */,
				FC8F3F1D2AF8ED1A008015B7 /* Resources */,
				FC5A39C02C1C2DA600D70319 /* Embed Foundation Extensions */,
			);
			buildRules = (
			);
			dependencies = (
				FC5E2AA22C1C363C003344B6 /* PBXTargetDependency */,
			);
			name = SimpleChat;
			packageProductDependencies = (
				FCE6C6912AFB8A0900735590 /* Alamofire */,
				FC397D062B25C10B009E5C45 /* SDWebImageSwiftUI */,
				FCE876A12BC2CE1100975929 /* FirebaseAnalytics */,
				FCE876A32BC2CE1100975929 /* FirebaseAnalyticsOnDeviceConversion */,
				FCE876A52BC2CE1100975929 /* FirebaseAnalyticsSwift */,
				FCE876A72BC2CE1100975929 /* FirebaseAnalyticsWithoutAdIdSupport */,
				FCE876A92BC2CE1100975929 /* FirebaseAppCheck */,
				FCE876AB2BC2CE1100975929 /* FirebaseAppDistribution-Beta */,
				FCE876AD2BC2CE1100975929 /* FirebaseAuth */,
				FCE876AF2BC2CE1100975929 /* FirebaseAuthCombine-Community */,
				FCE876B12BC2CE1100975929 /* FirebaseCrashlytics */,
				FCE876B32BC2CE1100975929 /* FirebaseDatabase */,
				FCE876B52BC2CE1100975929 /* FirebaseDatabaseSwift */,
				FCE876B72BC2CE1100975929 /* FirebaseDynamicLinks */,
				FCE876B92BC2CE1100975929 /* FirebaseFirestore */,
				FCE876BB2BC2CE1100975929 /* FirebaseFirestoreCombine-Community */,
				FCE876BD2BC2CE1100975929 /* FirebaseFirestoreSwift */,
				FCE876BF2BC2CE1100975929 /* FirebaseFunctions */,
				FCE876C12BC2CE1100975929 /* FirebaseFunctionsCombine-Community */,
				FCE876C32BC2CE1100975929 /* FirebaseInAppMessaging-Beta */,
				FCE876C52BC2CE1100975929 /* FirebaseInAppMessagingSwift-Beta */,
				FCE876C72BC2CE1100975929 /* FirebaseInstallations */,
				FCE876C92BC2CE1100975929 /* FirebaseMLModelDownloader */,
				FCE876CB2BC2CE1100975929 /* FirebaseMessaging */,
				FCE876CD2BC2CE1100975929 /* FirebasePerformance */,
				FCE876CF2BC2CE1100975929 /* FirebaseRemoteConfig */,
				FC9D66302C6590CA00911674 /* WebRTC */,
			);
			productName = Capstone_2;
			productReference = FC8F3F1F2AF8ED1A008015B7 /* SimpleChat.app */;
			productType = "com.apple.product-type.application";
		};
		FCA851672C4F1D36001C252A /* SimpleChatTests */ = {
			isa = PBXNativeTarget;
			buildConfigurationList = FCA851702C4F1D36001C252A /* Build configuration list for PBXNativeTarget "SimpleChatTests" */;
			buildPhases = (
				FCA851642C4F1D36001C252A /* Sources */,
				FCA851652C4F1D36001C252A /* Frameworks */,
				FCA851662C4F1D36001C252A /* Resources */,
			);
			buildRules = (
			);
			dependencies = (
				FCA8516D2C4F1D36001C252A /* PBXTargetDependency */,
			);
			name = SimpleChatTests;
			productName = SimpleChatTests;
			productReference = FCA851682C4F1D36001C252A /* SimpleChatTests.xctest */;
			productType = "com.apple.product-type.bundle.unit-test";
		};
/* End PBXNativeTarget section */

/* Begin PBXProject section */
		FC8F3F172AF8ED1A008015B7 /* Project object */ = {
			isa = PBXProject;
			attributes = {
				BuildIndependentTargetsInParallel = 1;
				LastSwiftUpdateCheck = 1530;
				LastUpgradeCheck = 1540;
				TargetAttributes = {
					FC5E2A9B2C1C363C003344B6 = {
						CreatedOnToolsVersion = 15.3;
					};
					FC8F3F1E2AF8ED1A008015B7 = {
						CreatedOnToolsVersion = 15.0;
					};
					FCA851672C4F1D36001C252A = {
						CreatedOnToolsVersion = 15.3;
						TestTargetID = FC8F3F1E2AF8ED1A008015B7;
					};
				};
			};
			buildConfigurationList = FC8F3F1A2AF8ED1A008015B7 /* Build configuration list for PBXProject "SimpleChat" */;
			compatibilityVersion = "Xcode 14.0";
			developmentRegion = en;
			hasScannedForEncodings = 0;
			knownRegions = (
				en,
				Base,
				ko,
			);
			mainGroup = FC8F3F162AF8ED1A008015B7;
			packageReferences = (
				FCE6C6902AFB8A0900735590 /* XCRemoteSwiftPackageReference "Alamofire" */,
				FC397D052B25C10B009E5C45 /* XCRemoteSwiftPackageReference "SDWebImageSwiftUI" */,
				FCE876A02BC2CE1100975929 /* XCRemoteSwiftPackageReference "firebase-ios-sdk" */,
				FC9D662F2C6590CA00911674 /* XCRemoteSwiftPackageReference "WebRTC" */,
			);
			productRefGroup = FC8F3F202AF8ED1A008015B7 /* Products */;
			projectDirPath = "";
			projectRoot = "";
			targets = (
				FC8F3F1E2AF8ED1A008015B7 /* SimpleChat */,
				FC5E2A9B2C1C363C003344B6 /* PushNotificationExtension */,
				FCA851672C4F1D36001C252A /* SimpleChatTests */,
			);
		};
/* End PBXProject section */

/* Begin PBXResourcesBuildPhase section */
		FC5E2A9A2C1C363C003344B6 /* Resources */ = {
			isa = PBXResourcesBuildPhase;
			buildActionMask = 2147483647;
			files = (
				FCDCC9332C4E0347003DD702 /* Localizable.xcstrings in Resources */,
			);
			runOnlyForDeploymentPostprocessing = 0;
		};
		FC8F3F1D2AF8ED1A008015B7 /* Resources */ = {
			isa = PBXResourcesBuildPhase;
			buildActionMask = 2147483647;
			files = (
				FC8F3F2A2AF8ED1C008015B7 /* Preview Assets.xcassets in Resources */,
				FC8F3F272AF8ED1C008015B7 /* Assets.xcassets in Resources */,
				FC9743C22B08970F0086BCA6 /* GoogleService-Info.plist in Resources */,
				FCD18E572C42AB0000F2EE21 /* Localizable.xcstrings in Resources */,
				FCB61B292C1430C400C40FB8 /* Color.xcassets in Resources */,
			);
			runOnlyForDeploymentPostprocessing = 0;
		};
		FCA851662C4F1D36001C252A /* Resources */ = {
			isa = PBXResourcesBuildPhase;
			buildActionMask = 2147483647;
			files = (
			);
			runOnlyForDeploymentPostprocessing = 0;
		};
/* End PBXResourcesBuildPhase section */

/* Begin PBXSourcesBuildPhase section */
		FC5E2A982C1C363C003344B6 /* Sources */ = {
			isa = PBXSourcesBuildPhase;
			buildActionMask = 2147483647;
			files = (
				FC5E2A9F2C1C363C003344B6 /* NotificationService.swift in Sources */,
			);
			runOnlyForDeploymentPostprocessing = 0;
		};
		FC8F3F1B2AF8ED1A008015B7 /* Sources */ = {
			isa = PBXSourcesBuildPhase;
			buildActionMask = 2147483647;
			files = (
				FC24F0532CE5C26D00C74E2F /* ChatroomCard.swift in Sources */,
				FCB61B252C1412E900C40FB8 /* AppThemeToggleView.swift in Sources */,
				FCD18E592C42C3DD00F2EE21 /* LocalizationLanguage.swift in Sources */,
				FCC453F42C6EF44300B4CCE6 /* VideoView.swift in Sources */,
				FC3265472B90388C001DFFD7 /* UserMessageEntity+CoreDataProperties.swift in Sources */,
				FC9744342B089C8D0086BCA6 /* SignUpView.swift in Sources */,
				FCB113082CD1F51600D92E14 /* LoadingDonutView.swift in Sources */,
				FC6BD14F2BA32A7C004B2558 /* SideMenu.swift in Sources */,
				FC2019D92C87F32F00AF239F /* VideoPlayer.swift in Sources */,
				FC5367852C6C68E2004544DC /* SessionDescription.swift in Sources */,
				FC88B6E72BE7B1C200B79D18 /* MessageWebRepository.swift in Sources */,
				FC5367832C6C6875004544DC /* Message.swift in Sources */,
				FC3265462B90388C001DFFD7 /* UserMessageEntity+CoreDataClass.swift in Sources */,
				FC77D8532BCFBE0000E4E684 /* LocalNotificationHandler.swift in Sources */,
				FCD8E3552CA2D05500232518 /* PhotoMessageSendingView.swift in Sources */,
				FCE5342C2C7B6B7C006F8E4B /* MediaViewModel.swift in Sources */,
				FCB0D5622C5F743800976558 /* WebSocketManager.swift in Sources */,
				FC7950072BC926340018719E /* UserChatLog.swift in Sources */,
				FC8C9A662BC40D4E00785E96 /* CancelBag.swift in Sources */,
				FC9744362B09EDF90086BCA6 /* LogInView.swift in Sources */,
				FCFCCD562C71F06F00697395 /* SecretCommandModel.swift in Sources */,
				FC79500D2BC927770018719E /* UserNotification.swift in Sources */,
				FC1097A82B88B9DA0091CD24 /* UserFriendEntity+CoreDataClass.swift in Sources */,
				FC9AB93B2B287B7F008339AC /* MainMessageView.swift in Sources */,
				FC7950052BC925CF0018719E /* UserChatroom.swift in Sources */,
				FCB207822C6C3A6F005DEAB4 /* WebSocketProvider.swift in Sources */,
				FC2041B12C72FF4B001FB99F /* ApplicationPermission.swift in Sources */,
				FCC732322BE8E3E600BFF5CC /* ChatroomWebRepository.swift in Sources */,
				FC4D113B2CE44B63001103C0 /* UserChatroomBundle+CoreDataClass.swift in Sources */,
				FC4D113C2CE44B63001103C0 /* UserChatroomBundle+CoreDataProperties.swift in Sources */,
				FCC1057A2BBD66F900859928 /* MessageInteractor.swift in Sources */,
				FC6E8DAF2BE4CA9600CC7188 /* DependencyInjector.swift in Sources */,
				FCEBD3892BAFFF5A0077AD54 /* UserInteractor.swift in Sources */,
				FC3418AC2BC01FE20016A33C /* NotificationInteractor.swift in Sources */,
				FC1097AB2B88C0900091CD24 /* CoreDataStack.swift in Sources */,
				FC6A88F92C006D2200A43CD1 /* FullScreenChatPhotoView.swift in Sources */,
				FCC732302BE8E3C800BFF5CC /* NotificationWebRepository.swift in Sources */,
				FCBBA6EB2C09B005003140E3 /* ChatroomProfileView.swift in Sources */,
				FCD1B9E12B56BDDD0077BA17 /* ApplicationViewModel.swift in Sources */,
				FC3E51782BD385A3004B5090 /* Models+CoreData.swift in Sources */,
				FC79500B2BC927560018719E /* UserFriend.swift in Sources */,
				FC3265452B90388C001DFFD7 /* UserChatroomEntity+CoreDataProperties.swift in Sources */,
				FCF091EA2B28967000726FBA /* ChatLogView.swift in Sources */,
				FCB2077E2C6C2460005DEAB4 /* WebRTCClient.swift in Sources */,
				FC4D113E2CE44BCF001103C0 /* ChatroomBundlePersistentOperations.swift in Sources */,
				FC3E517A2BD3C2E4004B5090 /* Helpers.swift in Sources */,
				FC9BFA6C2C019B3C001D230F /* ChatMessageView.swift in Sources */,
				FC5C082A2BB5323600AEBF43 /* HttpRequestBody.swift in Sources */,
				FC5AE4992B4158D900C94687 /* CustomViewStyles.swift in Sources */,
				FC4D11402CE44F26001103C0 /* ChatroomBundle.swift in Sources */,
				FC3265442B90388C001DFFD7 /* UserChatroomEntity+CoreDataClass.swift in Sources */,
				FCC453F62C6EF93000B4CCE6 /* SignalingMessage.swift in Sources */,
				FC08A5052BE0CDA600D362C9 /* ChatroomPersistentOperations.swift in Sources */,
				FCE2DEF92C533D1900EC3BD9 /* ImageHelper.swift in Sources */,
				FCACCD222C0EA71600B3E557 /* FriendDetailView.swift in Sources */,
				FCC47D382B941C25002754CB /* HttpResponseModel.swift in Sources */,
				FC9744382B0B1EBD0086BCA6 /* AccountView.swift in Sources */,
				FC5367812C6C6848004544DC /* SignalingClient.swift in Sources */,
				FCD5F3C42C25842400DC3978 /* UserProfileModel.swift in Sources */,
				FC7950092BC926750018719E /* SystemLog.swift in Sources */,
				FC3265422B90388C001DFFD7 /* UserSystemMessageEntity+CoreDataClass.swift in Sources */,
				FC8F3F252AF8ED1A008015B7 /* IndexView.swift in Sources */,
				FC08A5032BE0CD6B00D362C9 /* FriendPersistentOperations.swift in Sources */,
				FCC171EA2C02E1EE00F60140 /* AppSettingView.swift in Sources */,
				FC88B6E52BE7AEF300B79D18 /* AccountWebRepository.swift in Sources */,
				FC6244802C89640700CB7651 /* VideoChatView.swift in Sources */,
				FC5367872C6C6907004544DC /* IceCandidate.swift in Sources */,
				FC36130E2C91C591008CE28B /* MessageReactions.swift in Sources */,
				FCBCD62A2BFC5211001D310B /* CollapsibleReadUserListView.swift in Sources */,
				FC1097A92B88B9DA0091CD24 /* UserFriendEntity+CoreDataProperties.swift in Sources */,
				FC3265432B90388C001DFFD7 /* UserSystemMessageEntity+CoreDataProperties.swift in Sources */,
				FC6E8DAC2BE4BA7E00CC7188 /* FolwRouter.swift in Sources */,
				FCE8769F2BC2A00500975929 /* ChatroomInteractor.swift in Sources */,
				FC772F152C2451D300945F2B /* FullScreenProfilePhotoView.swift in Sources */,
				FC3E51762BD37B4A004B5090 /* DBOperationsContainer.swift in Sources */,
				FC24F0552CE5C29600C74E2F /* BundleCard.swift in Sources */,
				FCE915672BF0A6DF00E488B6 /* MessagePersistentOperations.swift in Sources */,
				FC5367892C6C7B7C004544DC /* RTCStates.swift in Sources */,
				FC1097AD2B88D1F70091CD24 /* NetworkMonitor.swift in Sources */,
				FCB207842C6C3A89005DEAB4 /* NativeWebSocket.swift in Sources */,
				FC663D042BB16CAE00FD0786 /* InteractorsContainer.swift in Sources */,
				FC5F3C2E2BA5D61D00AE65DD /* WebRepository.swift in Sources */,
				FC8A24AD2CA4177000EEA4F8 /* VideoMessageSendingView.swift in Sources */,
				FC6A692E2C085E9E0039CA3E /* UserDefaultsInterface.swift in Sources */,
				FC8F3F232AF8ED1A008015B7 /* SimpleChat.swift in Sources */,
				FC98053C2CE4486A001CBFB6 /* SimpleChat.xcdatamodeld in Sources */,
				FCB207802C6C3768005DEAB4 /* Config.swift in Sources */,
				FC6BD1512BA333A9004B2558 /* APICall.swift in Sources */,
				FCC453F22C6EE88F00B4CCE6 /* VoiceChatroomView.swift in Sources */,
				FCEBD3862BAFC0690077AD54 /* Loadable.swift in Sources */,
				FCC105782BBD498B00859928 /* AppDelegate.swift in Sources */,
				FC6BD1482BA31BBB004B2558 /* PushNotificationsHandler.swift in Sources */,
			);
			runOnlyForDeploymentPostprocessing = 0;
		};
		FCA851642C4F1D36001C252A /* Sources */ = {
			isa = PBXSourcesBuildPhase;
			buildActionMask = 2147483647;
			files = (
				FC871ECF2C4F20C200106295 /* ChatroomInteractorTests.swift in Sources */,
				FC32FA6A2C4F531F008EE573 /* MockURLProtocol.swift in Sources */,
				FC3ABF022C50DC490042151A /* MockModels.swift in Sources */,
				FC3EF8662D0FB1890002065C /* MessageInteractorTests.swift in Sources */,
				FC3ABEFE2C50D0EF0042151A /* MockResponses.swift in Sources */,
			);
			runOnlyForDeploymentPostprocessing = 0;
		};
/* End PBXSourcesBuildPhase section */

/* Begin PBXTargetDependency section */
		FC5E2AA22C1C363C003344B6 /* PBXTargetDependency */ = {
			isa = PBXTargetDependency;
			target = FC5E2A9B2C1C363C003344B6 /* PushNotificationExtension */;
			targetProxy = FC5E2AA12C1C363C003344B6 /* PBXContainerItemProxy */;
		};
		FCA8516D2C4F1D36001C252A /* PBXTargetDependency */ = {
			isa = PBXTargetDependency;
			target = FC8F3F1E2AF8ED1A008015B7 /* SimpleChat */;
			targetProxy = FCA8516C2C4F1D36001C252A /* PBXContainerItemProxy */;
		};
/* End PBXTargetDependency section */

/* Begin XCBuildConfiguration section */
		FC5E2AA52C1C363C003344B6 /* Debug */ = {
			isa = XCBuildConfiguration;
			buildSettings = {
				CODE_SIGN_ENTITLEMENTS = PushNotificationExtension/PushNotificationExtension.entitlements;
				CODE_SIGN_IDENTITY = "Apple Development";
				CODE_SIGN_STYLE = Automatic;
				CURRENT_PROJECT_VERSION = 1;
				DEVELOPMENT_TEAM = 2GZ2322ZL4;
				GENERATE_INFOPLIST_FILE = YES;
				INFOPLIST_FILE = PushNotificationExtension/Info.plist;
				INFOPLIST_KEY_CFBundleDisplayName = PushNotificationExtension;
				INFOPLIST_KEY_NSHumanReadableCopyright = "";
				IPHONEOS_DEPLOYMENT_TARGET = 17.0;
				LD_RUNPATH_SEARCH_PATHS = (
					"$(inherited)",
					"@executable_path/Frameworks",
					"@executable_path/../../Frameworks",
				);
				MARKETING_VERSION = 2.1.0;
				PRODUCT_BUNDLE_IDENTIFIER = com.azurelight.AzureChat.PushNotificationExtension;
				PRODUCT_NAME = "$(TARGET_NAME)";
				SKIP_INSTALL = YES;
				SWIFT_EMIT_LOC_STRINGS = YES;
				SWIFT_VERSION = 5.0;
				TARGETED_DEVICE_FAMILY = "1,2";
			};
			name = Debug;
		};
		FC5E2AA62C1C363C003344B6 /* Release */ = {
			isa = XCBuildConfiguration;
			buildSettings = {
				CODE_SIGN_ENTITLEMENTS = PushNotificationExtension/PushNotificationExtension.entitlements;
				CODE_SIGN_IDENTITY = "Apple Development";
				CODE_SIGN_STYLE = Automatic;
				CURRENT_PROJECT_VERSION = 1;
				DEVELOPMENT_TEAM = 2GZ2322ZL4;
				GENERATE_INFOPLIST_FILE = YES;
				INFOPLIST_FILE = PushNotificationExtension/Info.plist;
				INFOPLIST_KEY_CFBundleDisplayName = PushNotificationExtension;
				INFOPLIST_KEY_NSHumanReadableCopyright = "";
				IPHONEOS_DEPLOYMENT_TARGET = 17.0;
				LD_RUNPATH_SEARCH_PATHS = (
					"$(inherited)",
					"@executable_path/Frameworks",
					"@executable_path/../../Frameworks",
				);
				MARKETING_VERSION = 2.1.0;
				PRODUCT_BUNDLE_IDENTIFIER = com.azurelight.AzureChat.PushNotificationExtension;
				PRODUCT_NAME = "$(TARGET_NAME)";
				SKIP_INSTALL = YES;
				SWIFT_EMIT_LOC_STRINGS = YES;
				SWIFT_VERSION = 5.0;
				TARGETED_DEVICE_FAMILY = "1,2";
			};
			name = Release;
		};
		FC8F3F2B2AF8ED1C008015B7 /* Debug */ = {
			isa = XCBuildConfiguration;
			buildSettings = {
				ALWAYS_SEARCH_USER_PATHS = NO;
				ASSETCATALOG_COMPILER_GENERATE_SWIFT_ASSET_SYMBOL_EXTENSIONS = YES;
				CLANG_ANALYZER_LOCALIZABILITY_NONLOCALIZED = YES;
				CLANG_ANALYZER_NONNULL = YES;
				CLANG_ANALYZER_NUMBER_OBJECT_CONVERSION = YES_AGGRESSIVE;
				CLANG_CXX_LANGUAGE_STANDARD = "gnu++20";
				CLANG_ENABLE_MODULES = YES;
				CLANG_ENABLE_OBJC_ARC = YES;
				CLANG_ENABLE_OBJC_WEAK = YES;
				CLANG_WARN_BLOCK_CAPTURE_AUTORELEASING = YES;
				CLANG_WARN_BOOL_CONVERSION = YES;
				CLANG_WARN_COMMA = YES;
				CLANG_WARN_CONSTANT_CONVERSION = YES;
				CLANG_WARN_DEPRECATED_OBJC_IMPLEMENTATIONS = YES;
				CLANG_WARN_DIRECT_OBJC_ISA_USAGE = YES_ERROR;
				CLANG_WARN_DOCUMENTATION_COMMENTS = YES;
				CLANG_WARN_EMPTY_BODY = YES;
				CLANG_WARN_ENUM_CONVERSION = YES;
				CLANG_WARN_INFINITE_RECURSION = YES;
				CLANG_WARN_INT_CONVERSION = YES;
				CLANG_WARN_NON_LITERAL_NULL_CONVERSION = YES;
				CLANG_WARN_OBJC_IMPLICIT_RETAIN_SELF = YES;
				CLANG_WARN_OBJC_LITERAL_CONVERSION = YES;
				CLANG_WARN_OBJC_ROOT_CLASS = YES_ERROR;
				CLANG_WARN_QUOTED_INCLUDE_IN_FRAMEWORK_HEADER = YES;
				CLANG_WARN_RANGE_LOOP_ANALYSIS = YES;
				CLANG_WARN_STRICT_PROTOTYPES = YES;
				CLANG_WARN_SUSPICIOUS_MOVE = YES;
				CLANG_WARN_UNGUARDED_AVAILABILITY = YES_AGGRESSIVE;
				CLANG_WARN_UNREACHABLE_CODE = YES;
				CLANG_WARN__DUPLICATE_METHOD_MATCH = YES;
				COPY_PHASE_STRIP = NO;
				DEBUG_INFORMATION_FORMAT = dwarf;
				ENABLE_STRICT_OBJC_MSGSEND = YES;
				ENABLE_TESTABILITY = YES;
				ENABLE_USER_SCRIPT_SANDBOXING = YES;
				GCC_C_LANGUAGE_STANDARD = gnu17;
				GCC_DYNAMIC_NO_PIC = NO;
				GCC_NO_COMMON_BLOCKS = YES;
				GCC_OPTIMIZATION_LEVEL = 0;
				GCC_PREPROCESSOR_DEFINITIONS = (
					"DEBUG=1",
					"$(inherited)",
				);
				GCC_WARN_64_TO_32_BIT_CONVERSION = YES;
				GCC_WARN_ABOUT_RETURN_TYPE = YES_ERROR;
				GCC_WARN_UNDECLARED_SELECTOR = YES;
				GCC_WARN_UNINITIALIZED_AUTOS = YES_AGGRESSIVE;
				GCC_WARN_UNUSED_FUNCTION = YES;
				GCC_WARN_UNUSED_VARIABLE = YES;
				INFOPLIST_KEY_CFBundleDisplayName = LightChat;
				IPHONEOS_DEPLOYMENT_TARGET = 17.0;
				LOCALIZATION_PREFERS_STRING_CATALOGS = YES;
				MTL_ENABLE_DEBUG_INFO = INCLUDE_SOURCE;
				MTL_FAST_MATH = YES;
				ONLY_ACTIVE_ARCH = YES;
				SDKROOT = iphoneos;
				SWIFT_ACTIVE_COMPILATION_CONDITIONS = "DEBUG $(inherited)";
				SWIFT_OPTIMIZATION_LEVEL = "-Onone";
			};
			name = Debug;
		};
		FC8F3F2C2AF8ED1C008015B7 /* Release */ = {
			isa = XCBuildConfiguration;
			buildSettings = {
				ALWAYS_SEARCH_USER_PATHS = NO;
				ASSETCATALOG_COMPILER_GENERATE_SWIFT_ASSET_SYMBOL_EXTENSIONS = YES;
				CLANG_ANALYZER_LOCALIZABILITY_NONLOCALIZED = YES;
				CLANG_ANALYZER_NONNULL = YES;
				CLANG_ANALYZER_NUMBER_OBJECT_CONVERSION = YES_AGGRESSIVE;
				CLANG_CXX_LANGUAGE_STANDARD = "gnu++20";
				CLANG_ENABLE_MODULES = YES;
				CLANG_ENABLE_OBJC_ARC = YES;
				CLANG_ENABLE_OBJC_WEAK = YES;
				CLANG_WARN_BLOCK_CAPTURE_AUTORELEASING = YES;
				CLANG_WARN_BOOL_CONVERSION = YES;
				CLANG_WARN_COMMA = YES;
				CLANG_WARN_CONSTANT_CONVERSION = YES;
				CLANG_WARN_DEPRECATED_OBJC_IMPLEMENTATIONS = YES;
				CLANG_WARN_DIRECT_OBJC_ISA_USAGE = YES_ERROR;
				CLANG_WARN_DOCUMENTATION_COMMENTS = YES;
				CLANG_WARN_EMPTY_BODY = YES;
				CLANG_WARN_ENUM_CONVERSION = YES;
				CLANG_WARN_INFINITE_RECURSION = YES;
				CLANG_WARN_INT_CONVERSION = YES;
				CLANG_WARN_NON_LITERAL_NULL_CONVERSION = YES;
				CLANG_WARN_OBJC_IMPLICIT_RETAIN_SELF = YES;
				CLANG_WARN_OBJC_LITERAL_CONVERSION = YES;
				CLANG_WARN_OBJC_ROOT_CLASS = YES_ERROR;
				CLANG_WARN_QUOTED_INCLUDE_IN_FRAMEWORK_HEADER = YES;
				CLANG_WARN_RANGE_LOOP_ANALYSIS = YES;
				CLANG_WARN_STRICT_PROTOTYPES = YES;
				CLANG_WARN_SUSPICIOUS_MOVE = YES;
				CLANG_WARN_UNGUARDED_AVAILABILITY = YES_AGGRESSIVE;
				CLANG_WARN_UNREACHABLE_CODE = YES;
				CLANG_WARN__DUPLICATE_METHOD_MATCH = YES;
				COPY_PHASE_STRIP = NO;
				DEBUG_INFORMATION_FORMAT = "dwarf-with-dsym";
				ENABLE_NS_ASSERTIONS = NO;
				ENABLE_STRICT_OBJC_MSGSEND = YES;
				ENABLE_USER_SCRIPT_SANDBOXING = YES;
				GCC_C_LANGUAGE_STANDARD = gnu17;
				GCC_NO_COMMON_BLOCKS = YES;
				GCC_WARN_64_TO_32_BIT_CONVERSION = YES;
				GCC_WARN_ABOUT_RETURN_TYPE = YES_ERROR;
				GCC_WARN_UNDECLARED_SELECTOR = YES;
				GCC_WARN_UNINITIALIZED_AUTOS = YES_AGGRESSIVE;
				GCC_WARN_UNUSED_FUNCTION = YES;
				GCC_WARN_UNUSED_VARIABLE = YES;
				INFOPLIST_KEY_CFBundleDisplayName = LightChat;
				IPHONEOS_DEPLOYMENT_TARGET = 17.0;
				LOCALIZATION_PREFERS_STRING_CATALOGS = YES;
				MTL_ENABLE_DEBUG_INFO = NO;
				MTL_FAST_MATH = YES;
				SDKROOT = iphoneos;
				SWIFT_COMPILATION_MODE = wholemodule;
				VALIDATE_PRODUCT = YES;
			};
			name = Release;
		};
		FC8F3F2E2AF8ED1C008015B7 /* Debug */ = {
			isa = XCBuildConfiguration;
			buildSettings = {
				ALWAYS_EMBED_SWIFT_STANDARD_LIBRARIES = YES;
				ASSETCATALOG_COMPILER_APPICON_NAME = AppIcon;
				ASSETCATALOG_COMPILER_GLOBAL_ACCENT_COLOR_NAME = AccentColor;
				CODE_SIGN_ENTITLEMENTS = SimpleChat/Capstone_2.entitlements;
				CODE_SIGN_IDENTITY = "Apple Development";
				CODE_SIGN_STYLE = Automatic;
				CURRENT_PROJECT_VERSION = 1;
				DEVELOPMENT_ASSET_PATHS = "\"SimpleChat/Preview Content\"";
				DEVELOPMENT_TEAM = 2GZ2322ZL4;
				ENABLE_PREVIEWS = YES;
				GENERATE_INFOPLIST_FILE = YES;
				INFOPLIST_FILE = "SimpleChat-Info.plist";
				INFOPLIST_KEY_CFBundleDisplayName = SimpleChat;
				INFOPLIST_KEY_NSCameraUsageDescription = "Camera permission is required to use the video chat feature.";
				INFOPLIST_KEY_NSLocalNetworkUsageDescription = "Local network permission is required to use the voice and video chat features.";
				INFOPLIST_KEY_NSLocationWhenInUseUsageDescription = "please location permission";
				INFOPLIST_KEY_NSMicrophoneUsageDescription = "Microphone permission is required to use the voice chat feature.";
				INFOPLIST_KEY_NSPhotoLibraryUsageDescription = "Permission is required to send and download photos or videos.";
				INFOPLIST_KEY_UIApplicationSceneManifest_Generation = YES;
				INFOPLIST_KEY_UIApplicationSupportsIndirectInputEvents = YES;
				INFOPLIST_KEY_UISupportedInterfaceOrientations = UIInterfaceOrientationPortrait;
				INFOPLIST_KEY_UIUserInterfaceStyle = Light;
				IPHONEOS_DEPLOYMENT_TARGET = 17.0;
				LD_RUNPATH_SEARCH_PATHS = (
					"$(inherited)",
					"@executable_path/Frameworks",
				);
				MARKETING_VERSION = 2.1.0;
				PRODUCT_BUNDLE_IDENTIFIER = com.azurelight.AzureChat;
				PRODUCT_NAME = "$(TARGET_NAME)";
				PROVISIONING_PROFILE_SPECIFIER = "";
				SWIFT_EMIT_LOC_STRINGS = YES;
				SWIFT_VERSION = 5.0;
				Server_url = "http://1.246.134.84";
				TARGETED_DEVICE_FAMILY = 1;
			};
			name = Debug;
		};
		FC8F3F2F2AF8ED1C008015B7 /* Release */ = {
			isa = XCBuildConfiguration;
			buildSettings = {
				ALWAYS_EMBED_SWIFT_STANDARD_LIBRARIES = YES;
				ASSETCATALOG_COMPILER_APPICON_NAME = AppIcon;
				ASSETCATALOG_COMPILER_GLOBAL_ACCENT_COLOR_NAME = AccentColor;
				CODE_SIGN_ENTITLEMENTS = SimpleChat/Capstone_2.entitlements;
				CODE_SIGN_IDENTITY = "Apple Development";
				CODE_SIGN_STYLE = Automatic;
				CURRENT_PROJECT_VERSION = 1;
				DEVELOPMENT_ASSET_PATHS = "\"SimpleChat/Preview Content\"";
				DEVELOPMENT_TEAM = 2GZ2322ZL4;
				ENABLE_PREVIEWS = YES;
				GENERATE_INFOPLIST_FILE = YES;
				INFOPLIST_FILE = "SimpleChat-Info.plist";
				INFOPLIST_KEY_CFBundleDisplayName = SimpleChat;
				INFOPLIST_KEY_NSCameraUsageDescription = "Camera permission is required to use the video chat feature.";
				INFOPLIST_KEY_NSLocalNetworkUsageDescription = "Local network permission is required to use the voice and video chat features.";
				INFOPLIST_KEY_NSLocationWhenInUseUsageDescription = "please location permission";
				INFOPLIST_KEY_NSMicrophoneUsageDescription = "Microphone permission is required to use the voice chat feature.";
				INFOPLIST_KEY_NSPhotoLibraryUsageDescription = "Permission is required to send and download photos or videos.";
				INFOPLIST_KEY_UIApplicationSceneManifest_Generation = YES;
				INFOPLIST_KEY_UIApplicationSupportsIndirectInputEvents = YES;
				INFOPLIST_KEY_UISupportedInterfaceOrientations = UIInterfaceOrientationPortrait;
				INFOPLIST_KEY_UIUserInterfaceStyle = Light;
				IPHONEOS_DEPLOYMENT_TARGET = 17.0;
				LD_RUNPATH_SEARCH_PATHS = (
					"$(inherited)",
					"@executable_path/Frameworks",
				);
				MARKETING_VERSION = 2.1.0;
				PRODUCT_BUNDLE_IDENTIFIER = com.azurelight.AzureChat;
				PRODUCT_NAME = "$(TARGET_NAME)";
				PROVISIONING_PROFILE_SPECIFIER = "";
				SWIFT_EMIT_LOC_STRINGS = YES;
				SWIFT_VERSION = 5.0;
				Server_url = "http://1.246.134.84";
				TARGETED_DEVICE_FAMILY = 1;
			};
			name = Release;
		};
		FCA8516E2C4F1D36001C252A /* Debug */ = {
			isa = XCBuildConfiguration;
			buildSettings = {
				BUNDLE_LOADER = "$(TEST_HOST)";
				CODE_SIGN_STYLE = Automatic;
				CURRENT_PROJECT_VERSION = 1;
				DEAD_CODE_STRIPPING = YES;
				DEVELOPMENT_TEAM = 2GZ2322ZL4;
				GENERATE_INFOPLIST_FILE = YES;
				IPHONEOS_DEPLOYMENT_TARGET = 17.0;
				MACOSX_DEPLOYMENT_TARGET = 14.4;
				MARKETING_VERSION = 2.1.0;
				PRODUCT_BUNDLE_IDENTIFIER = com.azurelight.SimpleChatTests;
				PRODUCT_NAME = "$(TARGET_NAME)";
				SDKROOT = auto;
				SUPPORTED_PLATFORMS = "iphoneos iphonesimulator macosx";
				SWIFT_EMIT_LOC_STRINGS = NO;
				SWIFT_VERSION = 5.0;
				TARGETED_DEVICE_FAMILY = "1,2";
				TEST_HOST = "$(BUILT_PRODUCTS_DIR)/SimpleChat.app/$(BUNDLE_EXECUTABLE_FOLDER_PATH)/SimpleChat";
			};
			name = Debug;
		};
		FCA8516F2C4F1D36001C252A /* Release */ = {
			isa = XCBuildConfiguration;
			buildSettings = {
				BUNDLE_LOADER = "$(TEST_HOST)";
				CODE_SIGN_STYLE = Automatic;
				CURRENT_PROJECT_VERSION = 1;
				DEAD_CODE_STRIPPING = YES;
				DEVELOPMENT_TEAM = 2GZ2322ZL4;
				GENERATE_INFOPLIST_FILE = YES;
				IPHONEOS_DEPLOYMENT_TARGET = 17.0;
				MACOSX_DEPLOYMENT_TARGET = 14.4;
				MARKETING_VERSION = 2.1.0;
				PRODUCT_BUNDLE_IDENTIFIER = com.azurelight.SimpleChatTests;
				PRODUCT_NAME = "$(TARGET_NAME)";
				SDKROOT = auto;
				SUPPORTED_PLATFORMS = "iphoneos iphonesimulator macosx";
				SWIFT_EMIT_LOC_STRINGS = NO;
				SWIFT_VERSION = 5.0;
				TARGETED_DEVICE_FAMILY = "1,2";
				TEST_HOST = "$(BUILT_PRODUCTS_DIR)/SimpleChat.app/$(BUNDLE_EXECUTABLE_FOLDER_PATH)/SimpleChat";
			};
			name = Release;
		};
/* End XCBuildConfiguration section */

/* Begin XCConfigurationList section */
		FC5E2AA42C1C363C003344B6 /* Build configuration list for PBXNativeTarget "PushNotificationExtension" */ = {
			isa = XCConfigurationList;
			buildConfigurations = (
				FC5E2AA52C1C363C003344B6 /* Debug */,
				FC5E2AA62C1C363C003344B6 /* Release */,
			);
			defaultConfigurationIsVisible = 0;
			defaultConfigurationName = Release;
		};
		FC8F3F1A2AF8ED1A008015B7 /* Build configuration list for PBXProject "SimpleChat" */ = {
			isa = XCConfigurationList;
			buildConfigurations = (
				FC8F3F2B2AF8ED1C008015B7 /* Debug */,
				FC8F3F2C2AF8ED1C008015B7 /* Release */,
			);
			defaultConfigurationIsVisible = 0;
			defaultConfigurationName = Release;
		};
		FC8F3F2D2AF8ED1C008015B7 /* Build configuration list for PBXNativeTarget "SimpleChat" */ = {
			isa = XCConfigurationList;
			buildConfigurations = (
				FC8F3F2E2AF8ED1C008015B7 /* Debug */,
				FC8F3F2F2AF8ED1C008015B7 /* Release */,
			);
			defaultConfigurationIsVisible = 0;
			defaultConfigurationName = Release;
		};
		FCA851702C4F1D36001C252A /* Build configuration list for PBXNativeTarget "SimpleChatTests" */ = {
			isa = XCConfigurationList;
			buildConfigurations = (
				FCA8516E2C4F1D36001C252A /* Debug */,
				FCA8516F2C4F1D36001C252A /* Release */,
			);
			defaultConfigurationIsVisible = 0;
			defaultConfigurationName = Release;
		};
/* End XCConfigurationList section */

/* Begin XCRemoteSwiftPackageReference section */
		FC397D052B25C10B009E5C45 /* XCRemoteSwiftPackageReference "SDWebImageSwiftUI" */ = {
			isa = XCRemoteSwiftPackageReference;
			repositoryURL = "https://github.com/SDWebImage/SDWebImageSwiftUI.git";
			requirement = {
				kind = upToNextMajorVersion;
				minimumVersion = 2.2.5;
			};
		};
		FC9D662F2C6590CA00911674 /* XCRemoteSwiftPackageReference "WebRTC" */ = {
			isa = XCRemoteSwiftPackageReference;
			repositoryURL = "https://github.com/stasel/WebRTC.git";
			requirement = {
				kind = upToNextMajorVersion;
				minimumVersion = 127.0.0;
			};
		};
		FCE6C6902AFB8A0900735590 /* XCRemoteSwiftPackageReference "Alamofire" */ = {
			isa = XCRemoteSwiftPackageReference;
			repositoryURL = "https://github.com/Alamofire/Alamofire.git";
			requirement = {
				kind = upToNextMajorVersion;
				minimumVersion = 5.8.1;
			};
		};
		FCE876A02BC2CE1100975929 /* XCRemoteSwiftPackageReference "firebase-ios-sdk" */ = {
			isa = XCRemoteSwiftPackageReference;
			repositoryURL = "https://github.com/firebase/firebase-ios-sdk";
			requirement = {
				kind = upToNextMajorVersion;
				minimumVersion = 10.23.1;
			};
		};
/* End XCRemoteSwiftPackageReference section */

/* Begin XCSwiftPackageProductDependency section */
		FC397D062B25C10B009E5C45 /* SDWebImageSwiftUI */ = {
			isa = XCSwiftPackageProductDependency;
			package = FC397D052B25C10B009E5C45 /* XCRemoteSwiftPackageReference "SDWebImageSwiftUI" */;
			productName = SDWebImageSwiftUI;
		};
		FC9D66302C6590CA00911674 /* WebRTC */ = {
			isa = XCSwiftPackageProductDependency;
			package = FC9D662F2C6590CA00911674 /* XCRemoteSwiftPackageReference "WebRTC" */;
			productName = WebRTC;
		};
		FCE6C6912AFB8A0900735590 /* Alamofire */ = {
			isa = XCSwiftPackageProductDependency;
			package = FCE6C6902AFB8A0900735590 /* XCRemoteSwiftPackageReference "Alamofire" */;
			productName = Alamofire;
		};
		FCE876A12BC2CE1100975929 /* FirebaseAnalytics */ = {
			isa = XCSwiftPackageProductDependency;
			package = FCE876A02BC2CE1100975929 /* XCRemoteSwiftPackageReference "firebase-ios-sdk" */;
			productName = FirebaseAnalytics;
		};
		FCE876A32BC2CE1100975929 /* FirebaseAnalyticsOnDeviceConversion */ = {
			isa = XCSwiftPackageProductDependency;
			package = FCE876A02BC2CE1100975929 /* XCRemoteSwiftPackageReference "firebase-ios-sdk" */;
			productName = FirebaseAnalyticsOnDeviceConversion;
		};
		FCE876A52BC2CE1100975929 /* FirebaseAnalyticsSwift */ = {
			isa = XCSwiftPackageProductDependency;
			package = FCE876A02BC2CE1100975929 /* XCRemoteSwiftPackageReference "firebase-ios-sdk" */;
			productName = FirebaseAnalyticsSwift;
		};
		FCE876A72BC2CE1100975929 /* FirebaseAnalyticsWithoutAdIdSupport */ = {
			isa = XCSwiftPackageProductDependency;
			package = FCE876A02BC2CE1100975929 /* XCRemoteSwiftPackageReference "firebase-ios-sdk" */;
			productName = FirebaseAnalyticsWithoutAdIdSupport;
		};
		FCE876A92BC2CE1100975929 /* FirebaseAppCheck */ = {
			isa = XCSwiftPackageProductDependency;
			package = FCE876A02BC2CE1100975929 /* XCRemoteSwiftPackageReference "firebase-ios-sdk" */;
			productName = FirebaseAppCheck;
		};
		FCE876AB2BC2CE1100975929 /* FirebaseAppDistribution-Beta */ = {
			isa = XCSwiftPackageProductDependency;
			package = FCE876A02BC2CE1100975929 /* XCRemoteSwiftPackageReference "firebase-ios-sdk" */;
			productName = "FirebaseAppDistribution-Beta";
		};
		FCE876AD2BC2CE1100975929 /* FirebaseAuth */ = {
			isa = XCSwiftPackageProductDependency;
			package = FCE876A02BC2CE1100975929 /* XCRemoteSwiftPackageReference "firebase-ios-sdk" */;
			productName = FirebaseAuth;
		};
		FCE876AF2BC2CE1100975929 /* FirebaseAuthCombine-Community */ = {
			isa = XCSwiftPackageProductDependency;
			package = FCE876A02BC2CE1100975929 /* XCRemoteSwiftPackageReference "firebase-ios-sdk" */;
			productName = "FirebaseAuthCombine-Community";
		};
		FCE876B12BC2CE1100975929 /* FirebaseCrashlytics */ = {
			isa = XCSwiftPackageProductDependency;
			package = FCE876A02BC2CE1100975929 /* XCRemoteSwiftPackageReference "firebase-ios-sdk" */;
			productName = FirebaseCrashlytics;
		};
		FCE876B32BC2CE1100975929 /* FirebaseDatabase */ = {
			isa = XCSwiftPackageProductDependency;
			package = FCE876A02BC2CE1100975929 /* XCRemoteSwiftPackageReference "firebase-ios-sdk" */;
			productName = FirebaseDatabase;
		};
		FCE876B52BC2CE1100975929 /* FirebaseDatabaseSwift */ = {
			isa = XCSwiftPackageProductDependency;
			package = FCE876A02BC2CE1100975929 /* XCRemoteSwiftPackageReference "firebase-ios-sdk" */;
			productName = FirebaseDatabaseSwift;
		};
		FCE876B72BC2CE1100975929 /* FirebaseDynamicLinks */ = {
			isa = XCSwiftPackageProductDependency;
			package = FCE876A02BC2CE1100975929 /* XCRemoteSwiftPackageReference "firebase-ios-sdk" */;
			productName = FirebaseDynamicLinks;
		};
		FCE876B92BC2CE1100975929 /* FirebaseFirestore */ = {
			isa = XCSwiftPackageProductDependency;
			package = FCE876A02BC2CE1100975929 /* XCRemoteSwiftPackageReference "firebase-ios-sdk" */;
			productName = FirebaseFirestore;
		};
		FCE876BB2BC2CE1100975929 /* FirebaseFirestoreCombine-Community */ = {
			isa = XCSwiftPackageProductDependency;
			package = FCE876A02BC2CE1100975929 /* XCRemoteSwiftPackageReference "firebase-ios-sdk" */;
			productName = "FirebaseFirestoreCombine-Community";
		};
		FCE876BD2BC2CE1100975929 /* FirebaseFirestoreSwift */ = {
			isa = XCSwiftPackageProductDependency;
			package = FCE876A02BC2CE1100975929 /* XCRemoteSwiftPackageReference "firebase-ios-sdk" */;
			productName = FirebaseFirestoreSwift;
		};
		FCE876BF2BC2CE1100975929 /* FirebaseFunctions */ = {
			isa = XCSwiftPackageProductDependency;
			package = FCE876A02BC2CE1100975929 /* XCRemoteSwiftPackageReference "firebase-ios-sdk" */;
			productName = FirebaseFunctions;
		};
		FCE876C12BC2CE1100975929 /* FirebaseFunctionsCombine-Community */ = {
			isa = XCSwiftPackageProductDependency;
			package = FCE876A02BC2CE1100975929 /* XCRemoteSwiftPackageReference "firebase-ios-sdk" */;
			productName = "FirebaseFunctionsCombine-Community";
		};
		FCE876C32BC2CE1100975929 /* FirebaseInAppMessaging-Beta */ = {
			isa = XCSwiftPackageProductDependency;
			package = FCE876A02BC2CE1100975929 /* XCRemoteSwiftPackageReference "firebase-ios-sdk" */;
			productName = "FirebaseInAppMessaging-Beta";
		};
		FCE876C52BC2CE1100975929 /* FirebaseInAppMessagingSwift-Beta */ = {
			isa = XCSwiftPackageProductDependency;
			package = FCE876A02BC2CE1100975929 /* XCRemoteSwiftPackageReference "firebase-ios-sdk" */;
			productName = "FirebaseInAppMessagingSwift-Beta";
		};
		FCE876C72BC2CE1100975929 /* FirebaseInstallations */ = {
			isa = XCSwiftPackageProductDependency;
			package = FCE876A02BC2CE1100975929 /* XCRemoteSwiftPackageReference "firebase-ios-sdk" */;
			productName = FirebaseInstallations;
		};
		FCE876C92BC2CE1100975929 /* FirebaseMLModelDownloader */ = {
			isa = XCSwiftPackageProductDependency;
			package = FCE876A02BC2CE1100975929 /* XCRemoteSwiftPackageReference "firebase-ios-sdk" */;
			productName = FirebaseMLModelDownloader;
		};
		FCE876CB2BC2CE1100975929 /* FirebaseMessaging */ = {
			isa = XCSwiftPackageProductDependency;
			package = FCE876A02BC2CE1100975929 /* XCRemoteSwiftPackageReference "firebase-ios-sdk" */;
			productName = FirebaseMessaging;
		};
		FCE876CD2BC2CE1100975929 /* FirebasePerformance */ = {
			isa = XCSwiftPackageProductDependency;
			package = FCE876A02BC2CE1100975929 /* XCRemoteSwiftPackageReference "firebase-ios-sdk" */;
			productName = FirebasePerformance;
		};
		FCE876CF2BC2CE1100975929 /* FirebaseRemoteConfig */ = {
			isa = XCSwiftPackageProductDependency;
			package = FCE876A02BC2CE1100975929 /* XCRemoteSwiftPackageReference "firebase-ios-sdk" */;
			productName = FirebaseRemoteConfig;
		};
/* End XCSwiftPackageProductDependency section */

/* Begin XCVersionGroup section */
		FC98053A2CE4486A001CBFB6 /* SimpleChat.xcdatamodeld */ = {
			isa = XCVersionGroup;
			children = (
				FC98053B2CE4486A001CBFB6 /* SimpleChat.xcdatamodel */,
			);
			currentVersion = FC98053B2CE4486A001CBFB6 /* SimpleChat.xcdatamodel */;
			name = SimpleChat.xcdatamodeld;
			path = /Users/nicode./SimpleChat/SimpleChat/Persistence/SimpleChat.xcdatamodeld;
			sourceTree = "<group>";
			versionGroupType = wrapper.xcdatamodel;
		};
/* End XCVersionGroup section */
	};
	rootObject = FC8F3F172AF8ED1A008015B7 /* Project object */;
}
